
Microsoft Visual Studio Solution File, Format Version 12.00
# Visual Studio 15
VisualStudioVersion = 15.0.27130.2020
MinimumVisualStudioVersion = 10.0.40219.1
Project("{FAE04EC0-301F-11D3-BF4B-00C04F79EFBC}") = "apps", "apps\apps.csproj", "{085C9C61-2EA6-4974-9D48-14BA3FA50458}"
EndProject
Project("{FAE04EC0-301F-11D3-BF4B-00C04F79EFBC}") = "fontawesome.sunamo.cz", "fontawesome.sunamo.cz\fontawesome.sunamo.cz.csproj", "{6E4A2068-EFAB-4AFD-8749-88ADE0CBDA3D}"
EndProject
Project("{FAE04EC0-301F-11D3-BF4B-00C04F79EFBC}") = "UniversalId3", "UniversalId3\UniversalId3.csproj", "{68A4B7B0-0928-499C-A337-9BFF629E90F9}"
EndProject
Project("{FAE04EC0-301F-11D3-BF4B-00C04F79EFBC}") = "YoutubeExtractor", "YoutubeExtractor\YoutubeExtractor.csproj", "{F20F8433-97E3-4A33-9D6B-F9247CEF6253}"
EndProject
Project("{9A19103F-16F7-4668-BE54-9A1E7A4F7556}") = "sunamo", "..\..\sunamo\sunamo\sunamo.csproj", "{0F7D74DB-C73D-4B96-8176-96C0867750D1}"
EndProject
Project("{FAE04EC0-301F-11D3-BF4B-00C04F79EFBC}") = "UniversalWebControl", "UniversalWebControl\UniversalWebControl.csproj", "{BA9D691F-6DF0-4D25-A39A-0BC6E5000913}"
EndProject
Project("{FAE04EC0-301F-11D3-BF4B-00C04F79EFBC}") = "UniversalWriteableBitmap", "UniversalWriteableBitmap\UniversalWriteableBitmap.csproj", "{1B8C50CF-DDD5-4ABF-99E3-F2094DC85E1B}"
EndProject
Global
	GlobalSection(SolutionConfigurationPlatforms) = preSolution
		Debug|Any CPU = Debug|Any CPU
		Debug|ARM = Debug|ARM
		Debug|x64 = Debug|x64
		Debug|x86 = Debug|x86
		Release|Any CPU = Release|Any CPU
		Release|ARM = Release|ARM
		Release|x64 = Release|x64
		Release|x86 = Release|x86
	EndGlobalSection
	GlobalSection(ProjectConfigurationPlatforms) = postSolution
		{085C9C61-2EA6-4974-9D48-14BA3FA50458}.Debug|Any CPU.ActiveCfg = Debug|Any CPU
		{085C9C61-2EA6-4974-9D48-14BA3FA50458}.Debug|Any CPU.Build.0 = Debug|Any CPU
		{085C9C61-2EA6-4974-9D48-14BA3FA50458}.Debug|ARM.ActiveCfg = Debug|ARM
		{085C9C61-2EA6-4974-9D48-14BA3FA50458}.Debug|ARM.Build.0 = Debug|ARM
		{085C9C61-2EA6-4974-9D48-14BA3FA50458}.Debug|x64.ActiveCfg = Debug|x64
		{085C9C61-2EA6-4974-9D48-14BA3FA50458}.Debug|x64.Build.0 = Debug|x64
		{085C9C61-2EA6-4974-9D48-14BA3FA50458}.Debug|x86.ActiveCfg = Debug|x86
		{085C9C61-2EA6-4974-9D48-14BA3FA50458}.Debug|x86.Build.0 = Debug|x86
		{085C9C61-2EA6-4974-9D48-14BA3FA50458}.Release|Any CPU.ActiveCfg = Release|Any CPU
		{085C9C61-2EA6-4974-9D48-14BA3FA50458}.Release|Any CPU.Build.0 = Release|Any CPU
		{085C9C61-2EA6-4974-9D48-14BA3FA50458}.Release|ARM.ActiveCfg = Release|ARM
		{085C9C61-2EA6-4974-9D48-14BA3FA50458}.Release|ARM.Build.0 = Release|ARM
		{085C9C61-2EA6-4974-9D48-14BA3FA50458}.Release|x64.ActiveCfg = Release|x64
		{085C9C61-2EA6-4974-9D48-14BA3FA50458}.Release|x64.Build.0 = Release|x64
		{085C9C61-2EA6-4974-9D48-14BA3FA50458}.Release|x86.ActiveCfg = Release|x86
		{085C9C61-2EA6-4974-9D48-14BA3FA50458}.Release|x86.Build.0 = Release|x86
		{6E4A2068-EFAB-4AFD-8749-88ADE0CBDA3D}.Debug|Any CPU.ActiveCfg = Debug|Any CPU
		{6E4A2068-EFAB-4AFD-8749-88ADE0CBDA3D}.Debug|Any CPU.Build.0 = Debug|Any CPU
		{6E4A2068-EFAB-4AFD-8749-88ADE0CBDA3D}.Debug|ARM.ActiveCfg = Debug|ARM
		{6E4A2068-EFAB-4AFD-8749-88ADE0CBDA3D}.Debug|ARM.Build.0 = Debug|ARM
		{6E4A2068-EFAB-4AFD-8749-88ADE0CBDA3D}.Debug|x64.ActiveCfg = Debug|x64
		{6E4A2068-EFAB-4AFD-8749-88ADE0CBDA3D}.Debug|x64.Build.0 = Debug|x64
		{6E4A2068-EFAB-4AFD-8749-88ADE0CBDA3D}.Debug|x86.ActiveCfg = Debug|x86
		{6E4A2068-EFAB-4AFD-8749-88ADE0CBDA3D}.Debug|x86.Build.0 = Debug|x86
		{6E4A2068-EFAB-4AFD-8749-88ADE0CBDA3D}.Release|Any CPU.ActiveCfg = Release|Any CPU
		{6E4A2068-EFAB-4AFD-8749-88ADE0CBDA3D}.Release|Any CPU.Build.0 = Release|Any CPU
		{6E4A2068-EFAB-4AFD-8749-88ADE0CBDA3D}.Release|ARM.ActiveCfg = Release|ARM
		{6E4A2068-EFAB-4AFD-8749-88ADE0CBDA3D}.Release|ARM.Build.0 = Release|ARM
		{6E4A2068-EFAB-4AFD-8749-88ADE0CBDA3D}.Release|x64.ActiveCfg = Release|x64
		{6E4A2068-EFAB-4AFD-8749-88ADE0CBDA3D}.Release|x64.Build.0 = Release|x64
		{6E4A2068-EFAB-4AFD-8749-88ADE0CBDA3D}.Release|x86.ActiveCfg = Release|x86
		{6E4A2068-EFAB-4AFD-8749-88ADE0CBDA3D}.Release|x86.Build.0 = Release|x86
		{68A4B7B0-0928-499C-A337-9BFF629E90F9}.Debug|Any CPU.ActiveCfg = Debug|Any CPU
		{68A4B7B0-0928-499C-A337-9BFF629E90F9}.Debug|Any CPU.Build.0 = Debug|Any CPU
		{68A4B7B0-0928-499C-A337-9BFF629E90F9}.Debug|ARM.ActiveCfg = Debug|ARM
		{68A4B7B0-0928-499C-A337-9BFF629E90F9}.Debug|ARM.Build.0 = Debug|ARM
		{68A4B7B0-0928-499C-A337-9BFF629E90F9}.Debug|x64.ActiveCfg = Debug|x64
		{68A4B7B0-0928-499C-A337-9BFF629E90F9}.Debug|x64.Build.0 = Debug|x64
		{68A4B7B0-0928-499C-A337-9BFF629E90F9}.Debug|x86.ActiveCfg = Debug|x86
		{68A4B7B0-0928-499C-A337-9BFF629E90F9}.Debug|x86.Build.0 = Debug|x86
		{68A4B7B0-0928-499C-A337-9BFF629E90F9}.Release|Any CPU.ActiveCfg = Release|Any CPU
		{68A4B7B0-0928-499C-A337-9BFF629E90F9}.Release|Any CPU.Build.0 = Release|Any CPU
		{68A4B7B0-0928-499C-A337-9BFF629E90F9}.Release|ARM.ActiveCfg = Release|ARM
		{68A4B7B0-0928-499C-A337-9BFF629E90F9}.Release|ARM.Build.0 = Release|ARM
		{68A4B7B0-0928-499C-A337-9BFF629E90F9}.Release|x64.ActiveCfg = Release|x64
		{68A4B7B0-0928-499C-A337-9BFF629E90F9}.Release|x64.Build.0 = Release|x64
		{68A4B7B0-0928-499C-A337-9BFF629E90F9}.Release|x86.ActiveCfg = Release|x86
		{68A4B7B0-0928-499C-A337-9BFF629E90F9}.Release|x86.Build.0 = Release|x86
		{F20F8433-97E3-4A33-9D6B-F9247CEF6253}.Debug|Any CPU.ActiveCfg = Debug|Any CPU
		{F20F8433-97E3-4A33-9D6B-F9247CEF6253}.Debug|Any CPU.Build.0 = Debug|Any CPU
		{F20F8433-97E3-4A33-9D6B-F9247CEF6253}.Debug|ARM.ActiveCfg = Debug|ARM
		{F20F8433-97E3-4A33-9D6B-F9247CEF6253}.Debug|ARM.Build.0 = Debug|ARM
		{F20F8433-97E3-4A33-9D6B-F9247CEF6253}.Debug|x64.ActiveCfg = Debug|x64
		{F20F8433-97E3-4A33-9D6B-F9247CEF6253}.Debug|x64.Build.0 = Debug|x64
		{F20F8433-97E3-4A33-9D6B-F9247CEF6253}.Debug|x86.ActiveCfg = Debug|x86
		{F20F8433-97E3-4A33-9D6B-F9247CEF6253}.Debug|x86.Build.0 = Debug|x86
		{F20F8433-97E3-4A33-9D6B-F9247CEF6253}.Release|Any CPU.ActiveCfg = Release|Any CPU
		{F20F8433-97E3-4A33-9D6B-F9247CEF6253}.Release|Any CPU.Build.0 = Release|Any CPU
		{F20F8433-97E3-4A33-9D6B-F9247CEF6253}.Release|ARM.ActiveCfg = Release|ARM
		{F20F8433-97E3-4A33-9D6B-F9247CEF6253}.Release|ARM.Build.0 = Release|ARM
		{F20F8433-97E3-4A33-9D6B-F9247CEF6253}.Release|x64.ActiveCfg = Release|x64
		{F20F8433-97E3-4A33-9D6B-F9247CEF6253}.Release|x64.Build.0 = Release|x64
		{F20F8433-97E3-4A33-9D6B-F9247CEF6253}.Release|x86.ActiveCfg = Release|x86
		{F20F8433-97E3-4A33-9D6B-F9247CEF6253}.Release|x86.Build.0 = Release|x86
		{0F7D74DB-C73D-4B96-8176-96C0867750D1}.Debug|Any CPU.ActiveCfg = Debug|Any CPU
		{0F7D74DB-C73D-4B96-8176-96C0867750D1}.Debug|Any CPU.Build.0 = Debug|Any CPU
		{0F7D74DB-C73D-4B96-8176-96C0867750D1}.Debug|ARM.ActiveCfg = Debug|Any CPU
		{0F7D74DB-C73D-4B96-8176-96C0867750D1}.Debug|ARM.Build.0 = Debug|Any CPU
		{0F7D74DB-C73D-4B96-8176-96C0867750D1}.Debug|x64.ActiveCfg = Debug|Any CPU
		{0F7D74DB-C73D-4B96-8176-96C0867750D1}.Debug|x64.Build.0 = Debug|Any CPU
		{0F7D74DB-C73D-4B96-8176-96C0867750D1}.Debug|x86.ActiveCfg = Debug|Any CPU
		{0F7D74DB-C73D-4B96-8176-96C0867750D1}.Debug|x86.Build.0 = Debug|Any CPU
		{0F7D74DB-C73D-4B96-8176-96C0867750D1}.Release|Any CPU.ActiveCfg = Release|Any CPU
		{0F7D74DB-C73D-4B96-8176-96C0867750D1}.Release|Any CPU.Build.0 = Release|Any CPU
		{0F7D74DB-C73D-4B96-8176-96C0867750D1}.Release|ARM.ActiveCfg = Release|Any CPU
		{0F7D74DB-C73D-4B96-8176-96C0867750D1}.Release|ARM.Build.0 = Release|Any CPU
		{0F7D74DB-C73D-4B96-8176-96C0867750D1}.Release|x64.ActiveCfg = Release|Any CPU
		{0F7D74DB-C73D-4B96-8176-96C0867750D1}.Release|x64.Build.0 = Release|Any CPU
		{0F7D74DB-C73D-4B96-8176-96C0867750D1}.Release|x86.ActiveCfg = Release|Any CPU
		{0F7D74DB-C73D-4B96-8176-96C0867750D1}.Release|x86.Build.0 = Release|Any CPU
		{BA9D691F-6DF0-4D25-A39A-0BC6E5000913}.Debug|Any CPU.ActiveCfg = Debug|Any CPU
		{BA9D691F-6DF0-4D25-A39A-0BC6E5000913}.Debug|Any CPU.Build.0 = Debug|Any CPU
		{BA9D691F-6DF0-4D25-A39A-0BC6E5000913}.Debug|ARM.ActiveCfg = Debug|ARM
		{BA9D691F-6DF0-4D25-A39A-0BC6E5000913}.Debug|ARM.Build.0 = Debug|ARM
		{BA9D691F-6DF0-4D25-A39A-0BC6E5000913}.Debug|x64.ActiveCfg = Debug|x64
		{BA9D691F-6DF0-4D25-A39A-0BC6E5000913}.Debug|x64.Build.0 = Debug|x64
		{BA9D691F-6DF0-4D25-A39A-0BC6E5000913}.Debug|x86.ActiveCfg = Debug|x86
		{BA9D691F-6DF0-4D25-A39A-0BC6E5000913}.Debug|x86.Build.0 = Debug|x86
		{BA9D691F-6DF0-4D25-A39A-0BC6E5000913}.Release|Any CPU.ActiveCfg = Release|Any CPU
		{BA9D691F-6DF0-4D25-A39A-0BC6E5000913}.Release|Any CPU.Build.0 = Release|Any CPU
		{BA9D691F-6DF0-4D25-A39A-0BC6E5000913}.Release|ARM.ActiveCfg = Release|ARM
		{BA9D691F-6DF0-4D25-A39A-0BC6E5000913}.Release|ARM.Build.0 = Release|ARM
		{BA9D691F-6DF0-4D25-A39A-0BC6E5000913}.Release|x64.ActiveCfg = Release|x64
		{BA9D691F-6DF0-4D25-A39A-0BC6E5000913}.Release|x64.Build.0 = Release|x64
		{BA9D691F-6DF0-4D25-A39A-0BC6E5000913}.Release|x86.ActiveCfg = Release|x86
		{BA9D691F-6DF0-4D25-A39A-0BC6E5000913}.Release|x86.Build.0 = Release|x86
		{1B8C50CF-DDD5-4ABF-99E3-F2094DC85E1B}.Debug|Any CPU.ActiveCfg = Debug|Any CPU
		{1B8C50CF-DDD5-4ABF-99E3-F2094DC85E1B}.Debug|Any CPU.Build.0 = Debug|Any CPU
		{1B8C50CF-DDD5-4ABF-99E3-F2094DC85E1B}.Debug|ARM.ActiveCfg = Debug|ARM
		{1B8C50CF-DDD5-4ABF-99E3-F2094DC85E1B}.Debug|ARM.Build.0 = Debug|ARM
		{1B8C50CF-DDD5-4ABF-99E3-F2094DC85E1B}.Debug|x64.ActiveCfg = Debug|x64
		{1B8C50CF-DDD5-4ABF-99E3-F2094DC85E1B}.Debug|x64.Build.0 = Debug|x64
		{1B8C50CF-DDD5-4ABF-99E3-F2094DC85E1B}.Debug|x86.ActiveCfg = Debug|x86
		{1B8C50CF-DDD5-4ABF-99E3-F2094DC85E1B}.Debug|x86.Build.0 = Debug|x86
		{1B8C50CF-DDD5-4ABF-99E3-F2094DC85E1B}.Release|Any CPU.ActiveCfg = Release|Any CPU
		{1B8C50CF-DDD5-4ABF-99E3-F2094DC85E1B}.Release|Any CPU.Build.0 = Release|Any CPU
		{1B8C50CF-DDD5-4ABF-99E3-F2094DC85E1B}.Release|ARM.ActiveCfg = Release|ARM
		{1B8C50CF-DDD5-4ABF-99E3-F2094DC85E1B}.Release|ARM.Build.0 = Release|ARM
		{1B8C50CF-DDD5-4ABF-99E3-F2094DC85E1B}.Release|x64.ActiveCfg = Release|x64
		{1B8C50CF-DDD5-4ABF-99E3-F2094DC85E1B}.Release|x64.Build.0 = Release|x64
		{1B8C50CF-DDD5-4ABF-99E3-F2094DC85E1B}.Release|x86.ActiveCfg = Release|x86
		{1B8C50CF-DDD5-4ABF-99E3-F2094DC85E1B}.Release|x86.Build.0 = Release|x86
	EndGlobalSection
	GlobalSection(SolutionProperties) = preSolution
		HideSolutionNode = FALSE
	EndGlobalSection
	GlobalSection(ExtensibilityGlobals) = postSolution
		SolutionGuid = {8413CFF4-3153-483D-9611-EFBB56E1FA62}
	EndGlobalSection
EndGlobal
