
Microsoft Visual Studio Solution File, Format Version 12.00
# Visual Studio 15
VisualStudioVersion = 15.0.28307.779
MinimumVisualStudioVersion = 10.0.40219.1
Project("{9A19103F-16F7-4668-BE54-9A1E7A4F7556}") = "standard", "sunamo\standard.csproj", "{479E06C8-4454-421F-8731-3C193FC32E4D}"
EndProject
Project("{9A19103F-16F7-4668-BE54-9A1E7A4F7556}") = "duo", "duo\duo.csproj", "{73856224-73E1-4487-BA84-A24C790FE46C}"
EndProject
Project("{9A19103F-16F7-4668-BE54-9A1E7A4F7556}") = "ResourcesShared", "ResourcesShared\ResourcesShared.csproj", "{A0AC864D-23E1-40B5-B0C7-F64C6AB9E1A5}"
EndProject
Project("{9A19103F-16F7-4668-BE54-9A1E7A4F7556}") = "core", "core\core.csproj", "{4A227C0C-17D7-4A5D-94F4-F463AE06929C}"
EndProject
Global
	GlobalSection(SolutionConfigurationPlatforms) = preSolution
		Debug|Any CPU = Debug|Any CPU
		Release|Any CPU = Release|Any CPU
	EndGlobalSection
	GlobalSection(ProjectConfigurationPlatforms) = postSolution
		{479E06C8-4454-421F-8731-3C193FC32E4D}.Debug|Any CPU.ActiveCfg = Debug|Any CPU
		{479E06C8-4454-421F-8731-3C193FC32E4D}.Debug|Any CPU.Build.0 = Debug|Any CPU
		{479E06C8-4454-421F-8731-3C193FC32E4D}.Release|Any CPU.ActiveCfg = Release|Any CPU
		{479E06C8-4454-421F-8731-3C193FC32E4D}.Release|Any CPU.Build.0 = Release|Any CPU
		{73856224-73E1-4487-BA84-A24C790FE46C}.Debug|Any CPU.ActiveCfg = Debug|Any CPU
		{73856224-73E1-4487-BA84-A24C790FE46C}.Debug|Any CPU.Build.0 = Debug|Any CPU
		{73856224-73E1-4487-BA84-A24C790FE46C}.Release|Any CPU.ActiveCfg = Release|Any CPU
		{73856224-73E1-4487-BA84-A24C790FE46C}.Release|Any CPU.Build.0 = Release|Any CPU
		{A0AC864D-23E1-40B5-B0C7-F64C6AB9E1A5}.Debug|Any CPU.ActiveCfg = Debug|Any CPU
		{A0AC864D-23E1-40B5-B0C7-F64C6AB9E1A5}.Debug|Any CPU.Build.0 = Debug|Any CPU
		{A0AC864D-23E1-40B5-B0C7-F64C6AB9E1A5}.Release|Any CPU.ActiveCfg = Release|Any CPU
		{A0AC864D-23E1-40B5-B0C7-F64C6AB9E1A5}.Release|Any CPU.Build.0 = Release|Any CPU
		{4A227C0C-17D7-4A5D-94F4-F463AE06929C}.Debug|Any CPU.ActiveCfg = Debug|Any CPU
		{4A227C0C-17D7-4A5D-94F4-F463AE06929C}.Debug|Any CPU.Build.0 = Debug|Any CPU
		{4A227C0C-17D7-4A5D-94F4-F463AE06929C}.Release|Any CPU.ActiveCfg = Release|Any CPU
		{4A227C0C-17D7-4A5D-94F4-F463AE06929C}.Release|Any CPU.Build.0 = Release|Any CPU
	EndGlobalSection
	GlobalSection(SolutionProperties) = preSolution
		HideSolutionNode = FALSE
	EndGlobalSection
	GlobalSection(ExtensibilityGlobals) = postSolution
		SolutionGuid = {0CFD4CCE-0637-445D-B1EE-7E7E579B3D20}
	EndGlobalSection
EndGlobal
