
Microsoft Visual Studio Solution File, Format Version 12.00
# Visual Studio 15
VisualStudioVersion = 15.0.27130.2020
MinimumVisualStudioVersion = 10.0.40219.1
Project("{FAE04EC0-301F-11D3-BF4B-00C04F79EFBC}") = "sunamo", "sunamo\sunamo.csproj", "{85C87766-58CE-4A02-AC0D-372C74C47C72}"
EndProject
Global
	GlobalSection(SolutionConfigurationPlatforms) = preSolution
		Debug|Any CPU = Debug|Any CPU
		Release|Any CPU = Release|Any CPU
	EndGlobalSection
	GlobalSection(ProjectConfigurationPlatforms) = postSolution
		{85C87766-58CE-4A02-AC0D-372C74C47C72}.Debug|Any CPU.ActiveCfg = Debug|Any CPU
		{85C87766-58CE-4A02-AC0D-372C74C47C72}.Debug|Any CPU.Build.0 = Debug|Any CPU
		{85C87766-58CE-4A02-AC0D-372C74C47C72}.Release|Any CPU.ActiveCfg = Release|Any CPU
		{85C87766-58CE-4A02-AC0D-372C74C47C72}.Release|Any CPU.Build.0 = Release|Any CPU
	EndGlobalSection
	GlobalSection(SolutionProperties) = preSolution
		HideSolutionNode = FALSE
	EndGlobalSection
	GlobalSection(ExtensibilityGlobals) = postSolution
		SolutionGuid = {84F3C097-FB6D-4264-9CE1-F1CF9693776E}
	EndGlobalSection
EndGlobal
