
Microsoft Visual Studio Solution File, Format Version 12.00
# Visual Studio Version 16
VisualStudioVersion = 16.0.29306.81
MinimumVisualStudioVersion = 10.0.40219.1
Project("{FAE04EC0-301F-11D3-BF4B-00C04F79EFBC}") = "shared", "shared\shared.csproj", "{77719C0D-7C8B-4B9E-A644-AEE7CEB35134}"
EndProject
Project("{FAE04EC0-301F-11D3-BF4B-00C04F79EFBC}") = "desktop", "desktop\desktop.csproj", "{772CACC2-80F3-4948-A443-3043195836E2}"
EndProject
Project("{FAE04EC0-301F-11D3-BF4B-00C04F79EFBC}") = "forms", "forms\forms.csproj", "{F7969338-1B99-485C-99EA-5D06F45CDA32}"
EndProject
Project("{FAE04EC0-301F-11D3-BF4B-00C04F79EFBC}") = "mvc", "mvc\mvc.csproj", "{F3A63E91-6143-46B6-BC63-9BF5CFC0C218}"
EndProject
Project("{FAE04EC0-301F-11D3-BF4B-00C04F79EFBC}") = "SunamoFtp", "SunamoFtp\SunamoFtp.csproj", "{107523E6-02A3-4C8F-BFB6-225D6FA3FB86}"
EndProject
Project("{FAE04EC0-301F-11D3-BF4B-00C04F79EFBC}") = "SunamoIni", "SunamoIni\SunamoIni.csproj", "{B6722A85-FFDD-4BDE-9006-212BF93553BC}"
EndProject
Project("{FAE04EC0-301F-11D3-BF4B-00C04F79EFBC}") = "SunamoWeb", "WebSunamo\SunamoWeb.csproj", "{BA9D6B58-457B-4CA5-AD4D-71A5F24D0BD1}"
EndProject
Project("{FAE04EC0-301F-11D3-BF4B-00C04F79EFBC}") = "cmd", "cmd\cmd.csproj", "{EA7FB898-AD1B-401D-AC59-29E1BF80564B}"
EndProject
Project("{FAE04EC0-301F-11D3-BF4B-00C04F79EFBC}") = "win", "win\win.csproj", "{BEE17656-B10C-42B2-B3A4-70208323E3D7}"
EndProject
Project("{FAE04EC0-301F-11D3-BF4B-00C04F79EFBC}") = "mono", "mono\mono.csproj", "{8BB2BDBF-9EC5-45D7-B0B8-6688457D8E35}"
EndProject
Project("{9A19103F-16F7-4668-BE54-9A1E7A4F7556}") = "dll", "dll\dll.csproj", "{EC2BF2B3-DEEB-4674-AEAB-6DA38B8BE644}"
EndProject
Project("{9A19103F-16F7-4668-BE54-9A1E7A4F7556}") = "Roslyn", "Roslyn\Roslyn\Roslyn.csproj", "{9A5C5730-B16B-4FD5-B1E6-B73A5A3DA09E}"
EndProject
Project("{9A19103F-16F7-4668-BE54-9A1E7A4F7556}") = "SunamoTidy", "SunamoTidy\SunamoTidy.csproj", "{E66F3AF2-6667-4695-BD57-01E840B27888}"
EndProject
Project("{9A19103F-16F7-4668-BE54-9A1E7A4F7556}") = "SunamoCode", "SunamoCode\SunamoCode.csproj", "{1EC9DE60-7CB6-4B6E-BB43-16654F58FF2B}"
EndProject
Project("{9A19103F-16F7-4668-BE54-9A1E7A4F7556}") = "SunamoSqlite", "SunamoSqlite\SunamoSqlite.csproj", "{35F00201-B95B-4649-BADF-42B3CB70685D}"
EndProject
Project("{FAE04EC0-301F-11D3-BF4B-00C04F79EFBC}") = "SunamoTreeView", "SunamoTreeView\SunamoTreeView.csproj", "{FC2C65B5-BAE6-49A8-A320-61EF8480DD08}"
EndProject
Project("{FAE04EC0-301F-11D3-BF4B-00C04F79EFBC}") = "SunamoMvvm", "..\sunamo.notmine\SunamoMvvm\SunamoMvvm.csproj", "{14FEC151-B84D-4D45-BA3C-3B7FFAF25385}"
EndProject
Project("{9A19103F-16F7-4668-BE54-9A1E7A4F7556}") = "SunamoMarkdown", "SunamoMarkdown\SunamoMarkdown.csproj", "{933BC329-4F63-4583-A315-2E089624692D}"
EndProject
Project("{FAE04EC0-301F-11D3-BF4B-00C04F79EFBC}") = "WfInterop", "WfInterop\WfInterop.csproj", "{783DACA1-0A85-40FD-A2DD-6BD202A83D65}"
EndProject
Project("{FAE04EC0-301F-11D3-BF4B-00C04F79EFBC}") = "PathEditor", "..\sunamo.notmine\PathEditor\PathEditor.csproj", "{EC822654-CDE4-4EE2-B033-55125CD11B80}"
EndProject
Project("{9A19103F-16F7-4668-BE54-9A1E7A4F7556}") = "duo", "duo\duo.csproj", "{D4C45A56-F726-4B63-B94B-4172AC65F358}"
EndProject
Project("{9A19103F-16F7-4668-BE54-9A1E7A4F7556}") = "Resources", "Resources\Resources.csproj", "{3204432D-B6E7-4481-BEB0-8B177AF809C2}"
EndProject
Project("{FAE04EC0-301F-11D3-BF4B-00C04F79EFBC}") = "SolutionsIndexer", "SolutionsIndexer\SolutionsIndexer.csproj", "{2A39BC18-A077-4B14-AC41-A7BE3A91637C}"
EndProject
Project("{FAE04EC0-301F-11D3-BF4B-00C04F79EFBC}") = "sunamo", "sunamo\sunamo.csproj", "{F6F92307-B0B3-4D6C-BD9C-8B5FF5560DCF}"
EndProject
Project("{FAE04EC0-301F-11D3-BF4B-00C04F79EFBC}") = "SunamoSqlServer", "SunamoSqlServer\SunamoSqlServer.csproj", "{C9C1ECC5-2F3B-47F6-947B-931F261C5E2D}"
EndProject
Project("{9A19103F-16F7-4668-BE54-9A1E7A4F7556}") = "SunamoCsv", "SunamoCsv\SunamoCsv.csproj", "{EBE9EFE9-2828-43F0-9303-3F3AA4FCCDEF}"
EndProject
Project("{FAE04EC0-301F-11D3-BF4B-00C04F79EFBC}") = "FubuCsProjFile", "..\sunamo.notmine\FubuCsProjFile\FubuCsProjFile.csproj", "{5630FC3F-8C3E-4EAD-B960-B38FE3D87463}"
EndProject
Project("{FAE04EC0-301F-11D3-BF4B-00C04F79EFBC}") = "SearchTextBox", "..\sunamo.notmine.web\SearchTextBox\SearchTextBox.csproj", "{A3082956-9EE4-4B35-9B4E-B07D0C4C8B56}"
EndProject
Project("{9A19103F-16F7-4668-BE54-9A1E7A4F7556}") = "SunamoHttp", "SunamoHttp\SunamoHttp.csproj", "{D5778A8A-1AA8-4233-B4CD-DB3F23C71DFE}"
EndProject
Project("{FAE04EC0-301F-11D3-BF4B-00C04F79EFBC}") = "Xlf", "Xlf\Xlf.csproj", "{00B76D22-B82F-43FD-AC48-4B1F56E6910F}"
EndProject
Project("{FAE04EC0-301F-11D3-BF4B-00C04F79EFBC}") = "SunamoWindowsOS", "SunamoWindowsOS\SunamoWindowsOS.csproj", "{9FDD3FF2-3A7E-4D4F-B57C-BE5FEF567277}"
EndProject
Project("{FAE04EC0-301F-11D3-BF4B-00C04F79EFBC}") = "SunamoCode.forms", "SunamoCode.forms\SunamoCode.forms.csproj", "{A59E8710-A0F5-4154-80FF-1AE3CCE1ACC9}"
EndProject
Project("{9A19103F-16F7-4668-BE54-9A1E7A4F7556}") = "SunamoTranslateXlf", "SunamoTranslateXlf\SunamoTranslateXlf.csproj", "{762FDCB1-AA1D-4419-929F-6AAAC13C8F14}"
EndProject
Project("{9A19103F-16F7-4668-BE54-9A1E7A4F7556}") = "SunamoExceptions", "..\sunamoWithoutDep\SunamoExceptions\SunamoExceptions.csproj", "{F3F6F3CA-A5F5-4994-9666-3FED63614B8F}"
EndProject
Project("{9A19103F-16F7-4668-BE54-9A1E7A4F7556}") = "SunamoXlf", "..\SunamoXlf\SunamoXlf\SunamoXlf.csproj", "{7E9B6C9B-985C-4F0C-B814-BCFD34136D3F}"
EndProject
Project("{9A19103F-16F7-4668-BE54-9A1E7A4F7556}") = "SunamoTranslate", "..\sunamo.teamwork\SunamoTranslate\SunamoTranslate.csproj", "{5D6355FC-A69B-40B3-865D-961441B2CC62}"
EndProject
Project("{9A19103F-16F7-4668-BE54-9A1E7A4F7556}") = "SunamoNTextCat", "..\sunamo.teamwork\SunamoNTextCat\SunamoNTextCat.csproj", "{3BFCB9A1-9429-4D5A-A81F-C6D64696564E}"
EndProject
Project("{FAE04EC0-301F-11D3-BF4B-00C04F79EFBC}") = "SunamoVcf", "SunamoVcf\SunamoVcf.csproj", "{D560F9D5-3E38-491C-8AAC-6C168B84C913}"
EndProject
Project("{FAE04EC0-301F-11D3-BF4B-00C04F79EFBC}") = "SunamoJsonText", "SunamoJsonText\SunamoJsonText.csproj", "{CE2A6844-2761-4F8D-AD73-B676B417CC0C}"
EndProject
Project("{9A19103F-16F7-4668-BE54-9A1E7A4F7556}") = "GDataTranslate", "..\Credentials\GDataTranslate\GDataTranslate.csproj", "{38C12323-A6FF-444F-9922-B72F7B9649A6}"
EndProject
Project("{9A19103F-16F7-4668-BE54-9A1E7A4F7556}") = "SunamoPayments", "..\sunamoWithoutDep\SunamoPayments\SunamoPayments.csproj", "{2F54B127-C144-4C12-8174-CEBD3299B558}"
EndProject
Project("{FAE04EC0-301F-11D3-BF4B-00C04F79EFBC}") = "SunamoGoPayFw", "SunamoGoPayFw\SunamoGoPayFw.csproj", "{DB110883-0FA4-4ED4-AC2E-CD2106C755FF}"
EndProject
Project("{9A19103F-16F7-4668-BE54-9A1E7A4F7556}") = "Scz", "..\Credentials\Scz\Scz.csproj", "{BA541DF7-BE88-43E2-9EE4-08AAC92DA941}"
EndProject
Project("{9A19103F-16F7-4668-BE54-9A1E7A4F7556}") = "SunamoSvg", "SunamoSvg\SunamoSvg.csproj", "{A87C1917-A3D6-49A9-B4DE-C142BB07B0AB}"
EndProject
Project("{FAE04EC0-301F-11D3-BF4B-00C04F79EFBC}") = "SunamoGoPayFwShared", "SunamoGoPayFwShared\SunamoGoPayFwShared.csproj", "{27F66E75-CA28-4012-B912-2BDB2DFC4F42}"
EndProject
Global
	GlobalSection(SolutionConfigurationPlatforms) = preSolution
		Debug|Any CPU = Debug|Any CPU
		Debug|x64 = Debug|x64
		Debug|x86 = Debug|x86
		Release|Any CPU = Release|Any CPU
		Release|x64 = Release|x64
		Release|x86 = Release|x86
	EndGlobalSection
	GlobalSection(ProjectConfigurationPlatforms) = postSolution
		{77719C0D-7C8B-4B9E-A644-AEE7CEB35134}.Debug|Any CPU.ActiveCfg = Debug|Any CPU
		{77719C0D-7C8B-4B9E-A644-AEE7CEB35134}.Debug|Any CPU.Build.0 = Debug|Any CPU
		{77719C0D-7C8B-4B9E-A644-AEE7CEB35134}.Debug|x64.ActiveCfg = Debug|x64
		{77719C0D-7C8B-4B9E-A644-AEE7CEB35134}.Debug|x64.Build.0 = Debug|x64
		{77719C0D-7C8B-4B9E-A644-AEE7CEB35134}.Debug|x86.ActiveCfg = Debug|x86
		{77719C0D-7C8B-4B9E-A644-AEE7CEB35134}.Debug|x86.Build.0 = Debug|x86
		{77719C0D-7C8B-4B9E-A644-AEE7CEB35134}.Release|Any CPU.ActiveCfg = Release|Any CPU
		{77719C0D-7C8B-4B9E-A644-AEE7CEB35134}.Release|Any CPU.Build.0 = Release|Any CPU
		{77719C0D-7C8B-4B9E-A644-AEE7CEB35134}.Release|x64.ActiveCfg = Release|x64
		{77719C0D-7C8B-4B9E-A644-AEE7CEB35134}.Release|x64.Build.0 = Release|x64
		{77719C0D-7C8B-4B9E-A644-AEE7CEB35134}.Release|x86.ActiveCfg = Release|x86
		{77719C0D-7C8B-4B9E-A644-AEE7CEB35134}.Release|x86.Build.0 = Release|x86
		{772CACC2-80F3-4948-A443-3043195836E2}.Debug|Any CPU.ActiveCfg = Debug|Any CPU
		{772CACC2-80F3-4948-A443-3043195836E2}.Debug|Any CPU.Build.0 = Debug|Any CPU
		{772CACC2-80F3-4948-A443-3043195836E2}.Debug|x64.ActiveCfg = Debug|x64
		{772CACC2-80F3-4948-A443-3043195836E2}.Debug|x64.Build.0 = Debug|x64
		{772CACC2-80F3-4948-A443-3043195836E2}.Debug|x86.ActiveCfg = Debug|x86
		{772CACC2-80F3-4948-A443-3043195836E2}.Debug|x86.Build.0 = Debug|x86
		{772CACC2-80F3-4948-A443-3043195836E2}.Release|Any CPU.ActiveCfg = Release|Any CPU
		{772CACC2-80F3-4948-A443-3043195836E2}.Release|Any CPU.Build.0 = Release|Any CPU
		{772CACC2-80F3-4948-A443-3043195836E2}.Release|x64.ActiveCfg = Release|x64
		{772CACC2-80F3-4948-A443-3043195836E2}.Release|x64.Build.0 = Release|x64
		{772CACC2-80F3-4948-A443-3043195836E2}.Release|x86.ActiveCfg = Release|x86
		{772CACC2-80F3-4948-A443-3043195836E2}.Release|x86.Build.0 = Release|x86
		{F7969338-1B99-485C-99EA-5D06F45CDA32}.Debug|Any CPU.ActiveCfg = Debug|Any CPU
		{F7969338-1B99-485C-99EA-5D06F45CDA32}.Debug|Any CPU.Build.0 = Debug|Any CPU
		{F7969338-1B99-485C-99EA-5D06F45CDA32}.Debug|x64.ActiveCfg = Debug|x64
		{F7969338-1B99-485C-99EA-5D06F45CDA32}.Debug|x64.Build.0 = Debug|x64
		{F7969338-1B99-485C-99EA-5D06F45CDA32}.Debug|x86.ActiveCfg = Debug|x86
		{F7969338-1B99-485C-99EA-5D06F45CDA32}.Debug|x86.Build.0 = Debug|x86
		{F7969338-1B99-485C-99EA-5D06F45CDA32}.Release|Any CPU.ActiveCfg = Release|Any CPU
		{F7969338-1B99-485C-99EA-5D06F45CDA32}.Release|Any CPU.Build.0 = Release|Any CPU
		{F7969338-1B99-485C-99EA-5D06F45CDA32}.Release|x64.ActiveCfg = Release|x64
		{F7969338-1B99-485C-99EA-5D06F45CDA32}.Release|x64.Build.0 = Release|x64
		{F7969338-1B99-485C-99EA-5D06F45CDA32}.Release|x86.ActiveCfg = Release|x86
		{F7969338-1B99-485C-99EA-5D06F45CDA32}.Release|x86.Build.0 = Release|x86
		{F3A63E91-6143-46B6-BC63-9BF5CFC0C218}.Debug|Any CPU.ActiveCfg = Debug|Any CPU
		{F3A63E91-6143-46B6-BC63-9BF5CFC0C218}.Debug|Any CPU.Build.0 = Debug|Any CPU
		{F3A63E91-6143-46B6-BC63-9BF5CFC0C218}.Debug|x64.ActiveCfg = Debug|x64
		{F3A63E91-6143-46B6-BC63-9BF5CFC0C218}.Debug|x64.Build.0 = Debug|x64
		{F3A63E91-6143-46B6-BC63-9BF5CFC0C218}.Debug|x86.ActiveCfg = Debug|x86
		{F3A63E91-6143-46B6-BC63-9BF5CFC0C218}.Debug|x86.Build.0 = Debug|x86
		{F3A63E91-6143-46B6-BC63-9BF5CFC0C218}.Release|Any CPU.ActiveCfg = Release|Any CPU
		{F3A63E91-6143-46B6-BC63-9BF5CFC0C218}.Release|Any CPU.Build.0 = Release|Any CPU
		{F3A63E91-6143-46B6-BC63-9BF5CFC0C218}.Release|x64.ActiveCfg = Release|x64
		{F3A63E91-6143-46B6-BC63-9BF5CFC0C218}.Release|x64.Build.0 = Release|x64
		{F3A63E91-6143-46B6-BC63-9BF5CFC0C218}.Release|x86.ActiveCfg = Release|x86
		{F3A63E91-6143-46B6-BC63-9BF5CFC0C218}.Release|x86.Build.0 = Release|x86
		{107523E6-02A3-4C8F-BFB6-225D6FA3FB86}.Debug|Any CPU.ActiveCfg = Debug|Any CPU
		{107523E6-02A3-4C8F-BFB6-225D6FA3FB86}.Debug|Any CPU.Build.0 = Debug|Any CPU
		{107523E6-02A3-4C8F-BFB6-225D6FA3FB86}.Debug|x64.ActiveCfg = Debug|Any CPU
		{107523E6-02A3-4C8F-BFB6-225D6FA3FB86}.Debug|x64.Build.0 = Debug|Any CPU
		{107523E6-02A3-4C8F-BFB6-225D6FA3FB86}.Debug|x86.ActiveCfg = Debug|Any CPU
		{107523E6-02A3-4C8F-BFB6-225D6FA3FB86}.Debug|x86.Build.0 = Debug|Any CPU
		{107523E6-02A3-4C8F-BFB6-225D6FA3FB86}.Release|Any CPU.ActiveCfg = Release|Any CPU
		{107523E6-02A3-4C8F-BFB6-225D6FA3FB86}.Release|Any CPU.Build.0 = Release|Any CPU
		{107523E6-02A3-4C8F-BFB6-225D6FA3FB86}.Release|x64.ActiveCfg = Release|Any CPU
		{107523E6-02A3-4C8F-BFB6-225D6FA3FB86}.Release|x64.Build.0 = Release|Any CPU
		{107523E6-02A3-4C8F-BFB6-225D6FA3FB86}.Release|x86.ActiveCfg = Release|Any CPU
		{107523E6-02A3-4C8F-BFB6-225D6FA3FB86}.Release|x86.Build.0 = Release|Any CPU
		{B6722A85-FFDD-4BDE-9006-212BF93553BC}.Debug|Any CPU.ActiveCfg = Debug|Any CPU
		{B6722A85-FFDD-4BDE-9006-212BF93553BC}.Debug|Any CPU.Build.0 = Debug|Any CPU
		{B6722A85-FFDD-4BDE-9006-212BF93553BC}.Debug|x64.ActiveCfg = Debug|x64
		{B6722A85-FFDD-4BDE-9006-212BF93553BC}.Debug|x64.Build.0 = Debug|x64
		{B6722A85-FFDD-4BDE-9006-212BF93553BC}.Debug|x86.ActiveCfg = Debug|x86
		{B6722A85-FFDD-4BDE-9006-212BF93553BC}.Debug|x86.Build.0 = Debug|x86
		{B6722A85-FFDD-4BDE-9006-212BF93553BC}.Release|Any CPU.ActiveCfg = Release|Any CPU
		{B6722A85-FFDD-4BDE-9006-212BF93553BC}.Release|Any CPU.Build.0 = Release|Any CPU
		{B6722A85-FFDD-4BDE-9006-212BF93553BC}.Release|x64.ActiveCfg = Release|x64
		{B6722A85-FFDD-4BDE-9006-212BF93553BC}.Release|x64.Build.0 = Release|x64
		{B6722A85-FFDD-4BDE-9006-212BF93553BC}.Release|x86.ActiveCfg = Release|x86
		{B6722A85-FFDD-4BDE-9006-212BF93553BC}.Release|x86.Build.0 = Release|x86
		{BA9D6B58-457B-4CA5-AD4D-71A5F24D0BD1}.Debug|Any CPU.ActiveCfg = Debug|Any CPU
		{BA9D6B58-457B-4CA5-AD4D-71A5F24D0BD1}.Debug|Any CPU.Build.0 = Debug|Any CPU
		{BA9D6B58-457B-4CA5-AD4D-71A5F24D0BD1}.Debug|x64.ActiveCfg = Debug|x64
		{BA9D6B58-457B-4CA5-AD4D-71A5F24D0BD1}.Debug|x64.Build.0 = Debug|x64
		{BA9D6B58-457B-4CA5-AD4D-71A5F24D0BD1}.Debug|x86.ActiveCfg = Debug|x86
		{BA9D6B58-457B-4CA5-AD4D-71A5F24D0BD1}.Debug|x86.Build.0 = Debug|x86
		{BA9D6B58-457B-4CA5-AD4D-71A5F24D0BD1}.Release|Any CPU.ActiveCfg = Release|Any CPU
		{BA9D6B58-457B-4CA5-AD4D-71A5F24D0BD1}.Release|Any CPU.Build.0 = Release|Any CPU
		{BA9D6B58-457B-4CA5-AD4D-71A5F24D0BD1}.Release|x64.ActiveCfg = Release|x64
		{BA9D6B58-457B-4CA5-AD4D-71A5F24D0BD1}.Release|x64.Build.0 = Release|x64
		{BA9D6B58-457B-4CA5-AD4D-71A5F24D0BD1}.Release|x86.ActiveCfg = Release|x86
		{BA9D6B58-457B-4CA5-AD4D-71A5F24D0BD1}.Release|x86.Build.0 = Release|x86
		{EA7FB898-AD1B-401D-AC59-29E1BF80564B}.Debug|Any CPU.ActiveCfg = Debug|Any CPU
		{EA7FB898-AD1B-401D-AC59-29E1BF80564B}.Debug|Any CPU.Build.0 = Debug|Any CPU
		{EA7FB898-AD1B-401D-AC59-29E1BF80564B}.Debug|x64.ActiveCfg = Debug|Any CPU
		{EA7FB898-AD1B-401D-AC59-29E1BF80564B}.Debug|x64.Build.0 = Debug|Any CPU
		{EA7FB898-AD1B-401D-AC59-29E1BF80564B}.Debug|x86.ActiveCfg = Debug|Any CPU
		{EA7FB898-AD1B-401D-AC59-29E1BF80564B}.Debug|x86.Build.0 = Debug|Any CPU
		{EA7FB898-AD1B-401D-AC59-29E1BF80564B}.Release|Any CPU.ActiveCfg = Release|Any CPU
		{EA7FB898-AD1B-401D-AC59-29E1BF80564B}.Release|Any CPU.Build.0 = Release|Any CPU
		{EA7FB898-AD1B-401D-AC59-29E1BF80564B}.Release|x64.ActiveCfg = Release|Any CPU
		{EA7FB898-AD1B-401D-AC59-29E1BF80564B}.Release|x64.Build.0 = Release|Any CPU
		{EA7FB898-AD1B-401D-AC59-29E1BF80564B}.Release|x86.ActiveCfg = Release|Any CPU
		{EA7FB898-AD1B-401D-AC59-29E1BF80564B}.Release|x86.Build.0 = Release|Any CPU
		{BEE17656-B10C-42B2-B3A4-70208323E3D7}.Debug|Any CPU.ActiveCfg = Debug|Any CPU
		{BEE17656-B10C-42B2-B3A4-70208323E3D7}.Debug|Any CPU.Build.0 = Debug|Any CPU
		{BEE17656-B10C-42B2-B3A4-70208323E3D7}.Debug|x64.ActiveCfg = Debug|Any CPU
		{BEE17656-B10C-42B2-B3A4-70208323E3D7}.Debug|x64.Build.0 = Debug|Any CPU
		{BEE17656-B10C-42B2-B3A4-70208323E3D7}.Debug|x86.ActiveCfg = Debug|Any CPU
		{BEE17656-B10C-42B2-B3A4-70208323E3D7}.Debug|x86.Build.0 = Debug|Any CPU
		{BEE17656-B10C-42B2-B3A4-70208323E3D7}.Release|Any CPU.ActiveCfg = Release|Any CPU
		{BEE17656-B10C-42B2-B3A4-70208323E3D7}.Release|Any CPU.Build.0 = Release|Any CPU
		{BEE17656-B10C-42B2-B3A4-70208323E3D7}.Release|x64.ActiveCfg = Release|Any CPU
		{BEE17656-B10C-42B2-B3A4-70208323E3D7}.Release|x64.Build.0 = Release|Any CPU
		{BEE17656-B10C-42B2-B3A4-70208323E3D7}.Release|x86.ActiveCfg = Release|Any CPU
		{BEE17656-B10C-42B2-B3A4-70208323E3D7}.Release|x86.Build.0 = Release|Any CPU
		{8BB2BDBF-9EC5-45D7-B0B8-6688457D8E35}.Debug|Any CPU.ActiveCfg = Debug|Any CPU
		{8BB2BDBF-9EC5-45D7-B0B8-6688457D8E35}.Debug|Any CPU.Build.0 = Debug|Any CPU
		{8BB2BDBF-9EC5-45D7-B0B8-6688457D8E35}.Debug|x64.ActiveCfg = Debug|Any CPU
		{8BB2BDBF-9EC5-45D7-B0B8-6688457D8E35}.Debug|x64.Build.0 = Debug|Any CPU
		{8BB2BDBF-9EC5-45D7-B0B8-6688457D8E35}.Debug|x86.ActiveCfg = Debug|Any CPU
		{8BB2BDBF-9EC5-45D7-B0B8-6688457D8E35}.Debug|x86.Build.0 = Debug|Any CPU
		{8BB2BDBF-9EC5-45D7-B0B8-6688457D8E35}.Release|Any CPU.ActiveCfg = Release|Any CPU
		{8BB2BDBF-9EC5-45D7-B0B8-6688457D8E35}.Release|Any CPU.Build.0 = Release|Any CPU
		{8BB2BDBF-9EC5-45D7-B0B8-6688457D8E35}.Release|x64.ActiveCfg = Release|Any CPU
		{8BB2BDBF-9EC5-45D7-B0B8-6688457D8E35}.Release|x64.Build.0 = Release|Any CPU
		{8BB2BDBF-9EC5-45D7-B0B8-6688457D8E35}.Release|x86.ActiveCfg = Release|Any CPU
		{8BB2BDBF-9EC5-45D7-B0B8-6688457D8E35}.Release|x86.Build.0 = Release|Any CPU
		{EC2BF2B3-DEEB-4674-AEAB-6DA38B8BE644}.Debug|Any CPU.ActiveCfg = Debug|Any CPU
		{EC2BF2B3-DEEB-4674-AEAB-6DA38B8BE644}.Debug|Any CPU.Build.0 = Debug|Any CPU
		{EC2BF2B3-DEEB-4674-AEAB-6DA38B8BE644}.Debug|x64.ActiveCfg = Debug|Any CPU
		{EC2BF2B3-DEEB-4674-AEAB-6DA38B8BE644}.Debug|x64.Build.0 = Debug|Any CPU
		{EC2BF2B3-DEEB-4674-AEAB-6DA38B8BE644}.Debug|x86.ActiveCfg = Debug|Any CPU
		{EC2BF2B3-DEEB-4674-AEAB-6DA38B8BE644}.Debug|x86.Build.0 = Debug|Any CPU
		{EC2BF2B3-DEEB-4674-AEAB-6DA38B8BE644}.Release|Any CPU.ActiveCfg = Release|Any CPU
		{EC2BF2B3-DEEB-4674-AEAB-6DA38B8BE644}.Release|Any CPU.Build.0 = Release|Any CPU
		{EC2BF2B3-DEEB-4674-AEAB-6DA38B8BE644}.Release|x64.ActiveCfg = Release|Any CPU
		{EC2BF2B3-DEEB-4674-AEAB-6DA38B8BE644}.Release|x64.Build.0 = Release|Any CPU
		{EC2BF2B3-DEEB-4674-AEAB-6DA38B8BE644}.Release|x86.ActiveCfg = Release|Any CPU
		{EC2BF2B3-DEEB-4674-AEAB-6DA38B8BE644}.Release|x86.Build.0 = Release|Any CPU
		{9A5C5730-B16B-4FD5-B1E6-B73A5A3DA09E}.Debug|Any CPU.ActiveCfg = Debug|Any CPU
		{9A5C5730-B16B-4FD5-B1E6-B73A5A3DA09E}.Debug|Any CPU.Build.0 = Debug|Any CPU
		{9A5C5730-B16B-4FD5-B1E6-B73A5A3DA09E}.Debug|x64.ActiveCfg = Debug|Any CPU
		{9A5C5730-B16B-4FD5-B1E6-B73A5A3DA09E}.Debug|x64.Build.0 = Debug|Any CPU
		{9A5C5730-B16B-4FD5-B1E6-B73A5A3DA09E}.Debug|x86.ActiveCfg = Debug|Any CPU
		{9A5C5730-B16B-4FD5-B1E6-B73A5A3DA09E}.Debug|x86.Build.0 = Debug|Any CPU
		{9A5C5730-B16B-4FD5-B1E6-B73A5A3DA09E}.Release|Any CPU.ActiveCfg = Release|Any CPU
		{9A5C5730-B16B-4FD5-B1E6-B73A5A3DA09E}.Release|Any CPU.Build.0 = Release|Any CPU
		{9A5C5730-B16B-4FD5-B1E6-B73A5A3DA09E}.Release|x64.ActiveCfg = Release|Any CPU
		{9A5C5730-B16B-4FD5-B1E6-B73A5A3DA09E}.Release|x64.Build.0 = Release|Any CPU
		{9A5C5730-B16B-4FD5-B1E6-B73A5A3DA09E}.Release|x86.ActiveCfg = Release|Any CPU
		{9A5C5730-B16B-4FD5-B1E6-B73A5A3DA09E}.Release|x86.Build.0 = Release|Any CPU
		{E66F3AF2-6667-4695-BD57-01E840B27888}.Debug|Any CPU.ActiveCfg = Debug|Any CPU
		{E66F3AF2-6667-4695-BD57-01E840B27888}.Debug|Any CPU.Build.0 = Debug|Any CPU
		{E66F3AF2-6667-4695-BD57-01E840B27888}.Debug|x64.ActiveCfg = Debug|Any CPU
		{E66F3AF2-6667-4695-BD57-01E840B27888}.Debug|x64.Build.0 = Debug|Any CPU
		{E66F3AF2-6667-4695-BD57-01E840B27888}.Debug|x86.ActiveCfg = Debug|Any CPU
		{E66F3AF2-6667-4695-BD57-01E840B27888}.Debug|x86.Build.0 = Debug|Any CPU
		{E66F3AF2-6667-4695-BD57-01E840B27888}.Release|Any CPU.ActiveCfg = Release|Any CPU
		{E66F3AF2-6667-4695-BD57-01E840B27888}.Release|Any CPU.Build.0 = Release|Any CPU
		{E66F3AF2-6667-4695-BD57-01E840B27888}.Release|x64.ActiveCfg = Release|Any CPU
		{E66F3AF2-6667-4695-BD57-01E840B27888}.Release|x64.Build.0 = Release|Any CPU
		{E66F3AF2-6667-4695-BD57-01E840B27888}.Release|x86.ActiveCfg = Release|Any CPU
		{E66F3AF2-6667-4695-BD57-01E840B27888}.Release|x86.Build.0 = Release|Any CPU
		{1EC9DE60-7CB6-4B6E-BB43-16654F58FF2B}.Debug|Any CPU.ActiveCfg = Debug|Any CPU
		{1EC9DE60-7CB6-4B6E-BB43-16654F58FF2B}.Debug|Any CPU.Build.0 = Debug|Any CPU
		{1EC9DE60-7CB6-4B6E-BB43-16654F58FF2B}.Debug|x64.ActiveCfg = Debug|Any CPU
		{1EC9DE60-7CB6-4B6E-BB43-16654F58FF2B}.Debug|x64.Build.0 = Debug|Any CPU
		{1EC9DE60-7CB6-4B6E-BB43-16654F58FF2B}.Debug|x86.ActiveCfg = Debug|Any CPU
		{1EC9DE60-7CB6-4B6E-BB43-16654F58FF2B}.Debug|x86.Build.0 = Debug|Any CPU
		{1EC9DE60-7CB6-4B6E-BB43-16654F58FF2B}.Release|Any CPU.ActiveCfg = Release|Any CPU
		{1EC9DE60-7CB6-4B6E-BB43-16654F58FF2B}.Release|Any CPU.Build.0 = Release|Any CPU
		{1EC9DE60-7CB6-4B6E-BB43-16654F58FF2B}.Release|x64.ActiveCfg = Release|Any CPU
		{1EC9DE60-7CB6-4B6E-BB43-16654F58FF2B}.Release|x64.Build.0 = Release|Any CPU
		{1EC9DE60-7CB6-4B6E-BB43-16654F58FF2B}.Release|x86.ActiveCfg = Release|Any CPU
		{1EC9DE60-7CB6-4B6E-BB43-16654F58FF2B}.Release|x86.Build.0 = Release|Any CPU
		{35F00201-B95B-4649-BADF-42B3CB70685D}.Debug|Any CPU.ActiveCfg = Debug|Any CPU
		{35F00201-B95B-4649-BADF-42B3CB70685D}.Debug|Any CPU.Build.0 = Debug|Any CPU
		{35F00201-B95B-4649-BADF-42B3CB70685D}.Debug|x64.ActiveCfg = Debug|Any CPU
		{35F00201-B95B-4649-BADF-42B3CB70685D}.Debug|x64.Build.0 = Debug|Any CPU
		{35F00201-B95B-4649-BADF-42B3CB70685D}.Debug|x86.ActiveCfg = Debug|Any CPU
		{35F00201-B95B-4649-BADF-42B3CB70685D}.Debug|x86.Build.0 = Debug|Any CPU
		{35F00201-B95B-4649-BADF-42B3CB70685D}.Release|Any CPU.ActiveCfg = Release|Any CPU
		{35F00201-B95B-4649-BADF-42B3CB70685D}.Release|Any CPU.Build.0 = Release|Any CPU
		{35F00201-B95B-4649-BADF-42B3CB70685D}.Release|x64.ActiveCfg = Release|Any CPU
		{35F00201-B95B-4649-BADF-42B3CB70685D}.Release|x64.Build.0 = Release|Any CPU
		{35F00201-B95B-4649-BADF-42B3CB70685D}.Release|x86.ActiveCfg = Release|Any CPU
		{35F00201-B95B-4649-BADF-42B3CB70685D}.Release|x86.Build.0 = Release|Any CPU
		{FC2C65B5-BAE6-49A8-A320-61EF8480DD08}.Debug|Any CPU.ActiveCfg = Debug|Any CPU
		{FC2C65B5-BAE6-49A8-A320-61EF8480DD08}.Debug|Any CPU.Build.0 = Debug|Any CPU
		{FC2C65B5-BAE6-49A8-A320-61EF8480DD08}.Debug|x64.ActiveCfg = Debug|Any CPU
		{FC2C65B5-BAE6-49A8-A320-61EF8480DD08}.Debug|x64.Build.0 = Debug|Any CPU
		{FC2C65B5-BAE6-49A8-A320-61EF8480DD08}.Debug|x86.ActiveCfg = Debug|Any CPU
		{FC2C65B5-BAE6-49A8-A320-61EF8480DD08}.Debug|x86.Build.0 = Debug|Any CPU
		{FC2C65B5-BAE6-49A8-A320-61EF8480DD08}.Release|Any CPU.ActiveCfg = Release|Any CPU
		{FC2C65B5-BAE6-49A8-A320-61EF8480DD08}.Release|Any CPU.Build.0 = Release|Any CPU
		{FC2C65B5-BAE6-49A8-A320-61EF8480DD08}.Release|x64.ActiveCfg = Release|Any CPU
		{FC2C65B5-BAE6-49A8-A320-61EF8480DD08}.Release|x64.Build.0 = Release|Any CPU
		{FC2C65B5-BAE6-49A8-A320-61EF8480DD08}.Release|x86.ActiveCfg = Release|Any CPU
		{FC2C65B5-BAE6-49A8-A320-61EF8480DD08}.Release|x86.Build.0 = Release|Any CPU
		{14FEC151-B84D-4D45-BA3C-3B7FFAF25385}.Debug|Any CPU.ActiveCfg = Debug|Any CPU
		{14FEC151-B84D-4D45-BA3C-3B7FFAF25385}.Debug|Any CPU.Build.0 = Debug|Any CPU
		{14FEC151-B84D-4D45-BA3C-3B7FFAF25385}.Debug|x64.ActiveCfg = Debug|Any CPU
		{14FEC151-B84D-4D45-BA3C-3B7FFAF25385}.Debug|x64.Build.0 = Debug|Any CPU
		{14FEC151-B84D-4D45-BA3C-3B7FFAF25385}.Debug|x86.ActiveCfg = Debug|Any CPU
		{14FEC151-B84D-4D45-BA3C-3B7FFAF25385}.Debug|x86.Build.0 = Debug|Any CPU
		{14FEC151-B84D-4D45-BA3C-3B7FFAF25385}.Release|Any CPU.ActiveCfg = Release|Any CPU
		{14FEC151-B84D-4D45-BA3C-3B7FFAF25385}.Release|Any CPU.Build.0 = Release|Any CPU
		{14FEC151-B84D-4D45-BA3C-3B7FFAF25385}.Release|x64.ActiveCfg = Release|Any CPU
		{14FEC151-B84D-4D45-BA3C-3B7FFAF25385}.Release|x64.Build.0 = Release|Any CPU
		{14FEC151-B84D-4D45-BA3C-3B7FFAF25385}.Release|x86.ActiveCfg = Release|Any CPU
		{14FEC151-B84D-4D45-BA3C-3B7FFAF25385}.Release|x86.Build.0 = Release|Any CPU
		{933BC329-4F63-4583-A315-2E089624692D}.Debug|Any CPU.ActiveCfg = Debug|Any CPU
		{933BC329-4F63-4583-A315-2E089624692D}.Debug|Any CPU.Build.0 = Debug|Any CPU
		{933BC329-4F63-4583-A315-2E089624692D}.Debug|x64.ActiveCfg = Debug|Any CPU
		{933BC329-4F63-4583-A315-2E089624692D}.Debug|x64.Build.0 = Debug|Any CPU
		{933BC329-4F63-4583-A315-2E089624692D}.Debug|x86.ActiveCfg = Debug|Any CPU
		{933BC329-4F63-4583-A315-2E089624692D}.Debug|x86.Build.0 = Debug|Any CPU
		{933BC329-4F63-4583-A315-2E089624692D}.Release|Any CPU.ActiveCfg = Release|Any CPU
		{933BC329-4F63-4583-A315-2E089624692D}.Release|Any CPU.Build.0 = Release|Any CPU
		{933BC329-4F63-4583-A315-2E089624692D}.Release|x64.ActiveCfg = Release|Any CPU
		{933BC329-4F63-4583-A315-2E089624692D}.Release|x64.Build.0 = Release|Any CPU
		{933BC329-4F63-4583-A315-2E089624692D}.Release|x86.ActiveCfg = Release|Any CPU
		{933BC329-4F63-4583-A315-2E089624692D}.Release|x86.Build.0 = Release|Any CPU
		{783DACA1-0A85-40FD-A2DD-6BD202A83D65}.Debug|Any CPU.ActiveCfg = Debug|Any CPU
		{783DACA1-0A85-40FD-A2DD-6BD202A83D65}.Debug|Any CPU.Build.0 = Debug|Any CPU
		{783DACA1-0A85-40FD-A2DD-6BD202A83D65}.Debug|x64.ActiveCfg = Debug|Any CPU
		{783DACA1-0A85-40FD-A2DD-6BD202A83D65}.Debug|x64.Build.0 = Debug|Any CPU
		{783DACA1-0A85-40FD-A2DD-6BD202A83D65}.Debug|x86.ActiveCfg = Debug|Any CPU
		{783DACA1-0A85-40FD-A2DD-6BD202A83D65}.Debug|x86.Build.0 = Debug|Any CPU
		{783DACA1-0A85-40FD-A2DD-6BD202A83D65}.Release|Any CPU.ActiveCfg = Release|Any CPU
		{783DACA1-0A85-40FD-A2DD-6BD202A83D65}.Release|Any CPU.Build.0 = Release|Any CPU
		{783DACA1-0A85-40FD-A2DD-6BD202A83D65}.Release|x64.ActiveCfg = Release|Any CPU
		{783DACA1-0A85-40FD-A2DD-6BD202A83D65}.Release|x64.Build.0 = Release|Any CPU
		{783DACA1-0A85-40FD-A2DD-6BD202A83D65}.Release|x86.ActiveCfg = Release|Any CPU
		{783DACA1-0A85-40FD-A2DD-6BD202A83D65}.Release|x86.Build.0 = Release|Any CPU
		{EC822654-CDE4-4EE2-B033-55125CD11B80}.Debug|Any CPU.ActiveCfg = Debug|Any CPU
		{EC822654-CDE4-4EE2-B033-55125CD11B80}.Debug|Any CPU.Build.0 = Debug|Any CPU
		{EC822654-CDE4-4EE2-B033-55125CD11B80}.Debug|x64.ActiveCfg = Debug|Any CPU
		{EC822654-CDE4-4EE2-B033-55125CD11B80}.Debug|x64.Build.0 = Debug|Any CPU
		{EC822654-CDE4-4EE2-B033-55125CD11B80}.Debug|x86.ActiveCfg = Debug|Any CPU
		{EC822654-CDE4-4EE2-B033-55125CD11B80}.Debug|x86.Build.0 = Debug|Any CPU
		{EC822654-CDE4-4EE2-B033-55125CD11B80}.Release|Any CPU.ActiveCfg = Release|Any CPU
		{EC822654-CDE4-4EE2-B033-55125CD11B80}.Release|Any CPU.Build.0 = Release|Any CPU
		{EC822654-CDE4-4EE2-B033-55125CD11B80}.Release|x64.ActiveCfg = Release|Any CPU
		{EC822654-CDE4-4EE2-B033-55125CD11B80}.Release|x64.Build.0 = Release|Any CPU
		{EC822654-CDE4-4EE2-B033-55125CD11B80}.Release|x86.ActiveCfg = Release|Any CPU
		{EC822654-CDE4-4EE2-B033-55125CD11B80}.Release|x86.Build.0 = Release|Any CPU
		{D4C45A56-F726-4B63-B94B-4172AC65F358}.Debug|Any CPU.ActiveCfg = Debug|Any CPU
		{D4C45A56-F726-4B63-B94B-4172AC65F358}.Debug|Any CPU.Build.0 = Debug|Any CPU
		{D4C45A56-F726-4B63-B94B-4172AC65F358}.Debug|x64.ActiveCfg = Debug|Any CPU
		{D4C45A56-F726-4B63-B94B-4172AC65F358}.Debug|x64.Build.0 = Debug|Any CPU
		{D4C45A56-F726-4B63-B94B-4172AC65F358}.Debug|x86.ActiveCfg = Debug|Any CPU
		{D4C45A56-F726-4B63-B94B-4172AC65F358}.Debug|x86.Build.0 = Debug|Any CPU
		{D4C45A56-F726-4B63-B94B-4172AC65F358}.Release|Any CPU.ActiveCfg = Release|Any CPU
		{D4C45A56-F726-4B63-B94B-4172AC65F358}.Release|Any CPU.Build.0 = Release|Any CPU
		{D4C45A56-F726-4B63-B94B-4172AC65F358}.Release|x64.ActiveCfg = Release|Any CPU
		{D4C45A56-F726-4B63-B94B-4172AC65F358}.Release|x64.Build.0 = Release|Any CPU
		{D4C45A56-F726-4B63-B94B-4172AC65F358}.Release|x86.ActiveCfg = Release|Any CPU
		{D4C45A56-F726-4B63-B94B-4172AC65F358}.Release|x86.Build.0 = Release|Any CPU
		{3204432D-B6E7-4481-BEB0-8B177AF809C2}.Debug|Any CPU.ActiveCfg = Debug|Any CPU
		{3204432D-B6E7-4481-BEB0-8B177AF809C2}.Debug|Any CPU.Build.0 = Debug|Any CPU
		{3204432D-B6E7-4481-BEB0-8B177AF809C2}.Debug|x64.ActiveCfg = Debug|Any CPU
		{3204432D-B6E7-4481-BEB0-8B177AF809C2}.Debug|x64.Build.0 = Debug|Any CPU
		{3204432D-B6E7-4481-BEB0-8B177AF809C2}.Debug|x86.ActiveCfg = Debug|Any CPU
		{3204432D-B6E7-4481-BEB0-8B177AF809C2}.Debug|x86.Build.0 = Debug|Any CPU
		{3204432D-B6E7-4481-BEB0-8B177AF809C2}.Release|Any CPU.ActiveCfg = Release|Any CPU
		{3204432D-B6E7-4481-BEB0-8B177AF809C2}.Release|Any CPU.Build.0 = Release|Any CPU
		{3204432D-B6E7-4481-BEB0-8B177AF809C2}.Release|x64.ActiveCfg = Release|Any CPU
		{3204432D-B6E7-4481-BEB0-8B177AF809C2}.Release|x64.Build.0 = Release|Any CPU
		{3204432D-B6E7-4481-BEB0-8B177AF809C2}.Release|x86.ActiveCfg = Release|Any CPU
		{3204432D-B6E7-4481-BEB0-8B177AF809C2}.Release|x86.Build.0 = Release|Any CPU
		{2A39BC18-A077-4B14-AC41-A7BE3A91637C}.Debug|Any CPU.ActiveCfg = Debug|Any CPU
		{2A39BC18-A077-4B14-AC41-A7BE3A91637C}.Debug|Any CPU.Build.0 = Debug|Any CPU
		{2A39BC18-A077-4B14-AC41-A7BE3A91637C}.Debug|x64.ActiveCfg = Debug|Any CPU
		{2A39BC18-A077-4B14-AC41-A7BE3A91637C}.Debug|x64.Build.0 = Debug|Any CPU
		{2A39BC18-A077-4B14-AC41-A7BE3A91637C}.Debug|x86.ActiveCfg = Debug|Any CPU
		{2A39BC18-A077-4B14-AC41-A7BE3A91637C}.Debug|x86.Build.0 = Debug|Any CPU
		{2A39BC18-A077-4B14-AC41-A7BE3A91637C}.Release|Any CPU.ActiveCfg = Release|Any CPU
		{2A39BC18-A077-4B14-AC41-A7BE3A91637C}.Release|Any CPU.Build.0 = Release|Any CPU
		{2A39BC18-A077-4B14-AC41-A7BE3A91637C}.Release|x64.ActiveCfg = Release|Any CPU
		{2A39BC18-A077-4B14-AC41-A7BE3A91637C}.Release|x64.Build.0 = Release|Any CPU
		{2A39BC18-A077-4B14-AC41-A7BE3A91637C}.Release|x86.ActiveCfg = Release|Any CPU
		{2A39BC18-A077-4B14-AC41-A7BE3A91637C}.Release|x86.Build.0 = Release|Any CPU
		{F6F92307-B0B3-4D6C-BD9C-8B5FF5560DCF}.Debug|Any CPU.ActiveCfg = Debug|Any CPU
		{F6F92307-B0B3-4D6C-BD9C-8B5FF5560DCF}.Debug|Any CPU.Build.0 = Debug|Any CPU
		{F6F92307-B0B3-4D6C-BD9C-8B5FF5560DCF}.Debug|x64.ActiveCfg = Debug|Any CPU
		{F6F92307-B0B3-4D6C-BD9C-8B5FF5560DCF}.Debug|x64.Build.0 = Debug|Any CPU
		{F6F92307-B0B3-4D6C-BD9C-8B5FF5560DCF}.Debug|x86.ActiveCfg = Debug|Any CPU
		{F6F92307-B0B3-4D6C-BD9C-8B5FF5560DCF}.Debug|x86.Build.0 = Debug|Any CPU
		{F6F92307-B0B3-4D6C-BD9C-8B5FF5560DCF}.Release|Any CPU.ActiveCfg = Release|Any CPU
		{F6F92307-B0B3-4D6C-BD9C-8B5FF5560DCF}.Release|Any CPU.Build.0 = Release|Any CPU
		{F6F92307-B0B3-4D6C-BD9C-8B5FF5560DCF}.Release|x64.ActiveCfg = Release|Any CPU
		{F6F92307-B0B3-4D6C-BD9C-8B5FF5560DCF}.Release|x64.Build.0 = Release|Any CPU
		{F6F92307-B0B3-4D6C-BD9C-8B5FF5560DCF}.Release|x86.ActiveCfg = Release|Any CPU
		{F6F92307-B0B3-4D6C-BD9C-8B5FF5560DCF}.Release|x86.Build.0 = Release|Any CPU
		{C9C1ECC5-2F3B-47F6-947B-931F261C5E2D}.Debug|Any CPU.ActiveCfg = Debug|Any CPU
		{C9C1ECC5-2F3B-47F6-947B-931F261C5E2D}.Debug|Any CPU.Build.0 = Debug|Any CPU
		{C9C1ECC5-2F3B-47F6-947B-931F261C5E2D}.Debug|x64.ActiveCfg = Debug|Any CPU
		{C9C1ECC5-2F3B-47F6-947B-931F261C5E2D}.Debug|x64.Build.0 = Debug|Any CPU
		{C9C1ECC5-2F3B-47F6-947B-931F261C5E2D}.Debug|x86.ActiveCfg = Debug|Any CPU
		{C9C1ECC5-2F3B-47F6-947B-931F261C5E2D}.Debug|x86.Build.0 = Debug|Any CPU
		{C9C1ECC5-2F3B-47F6-947B-931F261C5E2D}.Release|Any CPU.ActiveCfg = Release|Any CPU
		{C9C1ECC5-2F3B-47F6-947B-931F261C5E2D}.Release|Any CPU.Build.0 = Release|Any CPU
		{C9C1ECC5-2F3B-47F6-947B-931F261C5E2D}.Release|x64.ActiveCfg = Release|Any CPU
		{C9C1ECC5-2F3B-47F6-947B-931F261C5E2D}.Release|x64.Build.0 = Release|Any CPU
		{C9C1ECC5-2F3B-47F6-947B-931F261C5E2D}.Release|x86.ActiveCfg = Release|Any CPU
		{C9C1ECC5-2F3B-47F6-947B-931F261C5E2D}.Release|x86.Build.0 = Release|Any CPU
		{EBE9EFE9-2828-43F0-9303-3F3AA4FCCDEF}.Debug|Any CPU.ActiveCfg = Debug|Any CPU
		{EBE9EFE9-2828-43F0-9303-3F3AA4FCCDEF}.Debug|Any CPU.Build.0 = Debug|Any CPU
		{EBE9EFE9-2828-43F0-9303-3F3AA4FCCDEF}.Debug|x64.ActiveCfg = Debug|Any CPU
		{EBE9EFE9-2828-43F0-9303-3F3AA4FCCDEF}.Debug|x64.Build.0 = Debug|Any CPU
		{EBE9EFE9-2828-43F0-9303-3F3AA4FCCDEF}.Debug|x86.ActiveCfg = Debug|Any CPU
		{EBE9EFE9-2828-43F0-9303-3F3AA4FCCDEF}.Debug|x86.Build.0 = Debug|Any CPU
		{EBE9EFE9-2828-43F0-9303-3F3AA4FCCDEF}.Release|Any CPU.ActiveCfg = Release|Any CPU
		{EBE9EFE9-2828-43F0-9303-3F3AA4FCCDEF}.Release|Any CPU.Build.0 = Release|Any CPU
		{EBE9EFE9-2828-43F0-9303-3F3AA4FCCDEF}.Release|x64.ActiveCfg = Release|Any CPU
		{EBE9EFE9-2828-43F0-9303-3F3AA4FCCDEF}.Release|x64.Build.0 = Release|Any CPU
		{EBE9EFE9-2828-43F0-9303-3F3AA4FCCDEF}.Release|x86.ActiveCfg = Release|Any CPU
		{EBE9EFE9-2828-43F0-9303-3F3AA4FCCDEF}.Release|x86.Build.0 = Release|Any CPU
		{5630FC3F-8C3E-4EAD-B960-B38FE3D87463}.Debug|Any CPU.ActiveCfg = Debug|Any CPU
		{5630FC3F-8C3E-4EAD-B960-B38FE3D87463}.Debug|Any CPU.Build.0 = Debug|Any CPU
		{5630FC3F-8C3E-4EAD-B960-B38FE3D87463}.Debug|x64.ActiveCfg = Debug|Any CPU
		{5630FC3F-8C3E-4EAD-B960-B38FE3D87463}.Debug|x64.Build.0 = Debug|Any CPU
		{5630FC3F-8C3E-4EAD-B960-B38FE3D87463}.Debug|x86.ActiveCfg = Debug|Any CPU
		{5630FC3F-8C3E-4EAD-B960-B38FE3D87463}.Debug|x86.Build.0 = Debug|Any CPU
		{5630FC3F-8C3E-4EAD-B960-B38FE3D87463}.Release|Any CPU.ActiveCfg = Release|Any CPU
		{5630FC3F-8C3E-4EAD-B960-B38FE3D87463}.Release|Any CPU.Build.0 = Release|Any CPU
		{5630FC3F-8C3E-4EAD-B960-B38FE3D87463}.Release|x64.ActiveCfg = Release|Any CPU
		{5630FC3F-8C3E-4EAD-B960-B38FE3D87463}.Release|x64.Build.0 = Release|Any CPU
		{5630FC3F-8C3E-4EAD-B960-B38FE3D87463}.Release|x86.ActiveCfg = Release|Any CPU
		{5630FC3F-8C3E-4EAD-B960-B38FE3D87463}.Release|x86.Build.0 = Release|Any CPU
		{A3082956-9EE4-4B35-9B4E-B07D0C4C8B56}.Debug|Any CPU.ActiveCfg = Debug|Any CPU
		{A3082956-9EE4-4B35-9B4E-B07D0C4C8B56}.Debug|Any CPU.Build.0 = Debug|Any CPU
		{A3082956-9EE4-4B35-9B4E-B07D0C4C8B56}.Debug|x64.ActiveCfg = Debug|Any CPU
		{A3082956-9EE4-4B35-9B4E-B07D0C4C8B56}.Debug|x64.Build.0 = Debug|Any CPU
		{A3082956-9EE4-4B35-9B4E-B07D0C4C8B56}.Debug|x86.ActiveCfg = Debug|Any CPU
		{A3082956-9EE4-4B35-9B4E-B07D0C4C8B56}.Debug|x86.Build.0 = Debug|Any CPU
		{A3082956-9EE4-4B35-9B4E-B07D0C4C8B56}.Release|Any CPU.ActiveCfg = Release|Any CPU
		{A3082956-9EE4-4B35-9B4E-B07D0C4C8B56}.Release|Any CPU.Build.0 = Release|Any CPU
		{A3082956-9EE4-4B35-9B4E-B07D0C4C8B56}.Release|x64.ActiveCfg = Release|Any CPU
		{A3082956-9EE4-4B35-9B4E-B07D0C4C8B56}.Release|x64.Build.0 = Release|Any CPU
		{A3082956-9EE4-4B35-9B4E-B07D0C4C8B56}.Release|x86.ActiveCfg = Release|Any CPU
		{A3082956-9EE4-4B35-9B4E-B07D0C4C8B56}.Release|x86.Build.0 = Release|Any CPU
		{D5778A8A-1AA8-4233-B4CD-DB3F23C71DFE}.Debug|Any CPU.ActiveCfg = Debug|Any CPU
		{D5778A8A-1AA8-4233-B4CD-DB3F23C71DFE}.Debug|Any CPU.Build.0 = Debug|Any CPU
		{D5778A8A-1AA8-4233-B4CD-DB3F23C71DFE}.Debug|x64.ActiveCfg = Debug|Any CPU
		{D5778A8A-1AA8-4233-B4CD-DB3F23C71DFE}.Debug|x64.Build.0 = Debug|Any CPU
		{D5778A8A-1AA8-4233-B4CD-DB3F23C71DFE}.Debug|x86.ActiveCfg = Debug|Any CPU
		{D5778A8A-1AA8-4233-B4CD-DB3F23C71DFE}.Debug|x86.Build.0 = Debug|Any CPU
		{D5778A8A-1AA8-4233-B4CD-DB3F23C71DFE}.Release|Any CPU.ActiveCfg = Release|Any CPU
		{D5778A8A-1AA8-4233-B4CD-DB3F23C71DFE}.Release|Any CPU.Build.0 = Release|Any CPU
		{D5778A8A-1AA8-4233-B4CD-DB3F23C71DFE}.Release|x64.ActiveCfg = Release|Any CPU
		{D5778A8A-1AA8-4233-B4CD-DB3F23C71DFE}.Release|x64.Build.0 = Release|Any CPU
		{D5778A8A-1AA8-4233-B4CD-DB3F23C71DFE}.Release|x86.ActiveCfg = Release|Any CPU
		{D5778A8A-1AA8-4233-B4CD-DB3F23C71DFE}.Release|x86.Build.0 = Release|Any CPU
		{00B76D22-B82F-43FD-AC48-4B1F56E6910F}.Debug|Any CPU.ActiveCfg = Debug|Any CPU
		{00B76D22-B82F-43FD-AC48-4B1F56E6910F}.Debug|Any CPU.Build.0 = Debug|Any CPU
		{00B76D22-B82F-43FD-AC48-4B1F56E6910F}.Debug|x64.ActiveCfg = Debug|Any CPU
		{00B76D22-B82F-43FD-AC48-4B1F56E6910F}.Debug|x64.Build.0 = Debug|Any CPU
		{00B76D22-B82F-43FD-AC48-4B1F56E6910F}.Debug|x86.ActiveCfg = Debug|Any CPU
		{00B76D22-B82F-43FD-AC48-4B1F56E6910F}.Debug|x86.Build.0 = Debug|Any CPU
		{00B76D22-B82F-43FD-AC48-4B1F56E6910F}.Release|Any CPU.ActiveCfg = Release|Any CPU
		{00B76D22-B82F-43FD-AC48-4B1F56E6910F}.Release|Any CPU.Build.0 = Release|Any CPU
		{00B76D22-B82F-43FD-AC48-4B1F56E6910F}.Release|x64.ActiveCfg = Release|Any CPU
		{00B76D22-B82F-43FD-AC48-4B1F56E6910F}.Release|x64.Build.0 = Release|Any CPU
		{00B76D22-B82F-43FD-AC48-4B1F56E6910F}.Release|x86.ActiveCfg = Release|Any CPU
		{00B76D22-B82F-43FD-AC48-4B1F56E6910F}.Release|x86.Build.0 = Release|Any CPU
		{9FDD3FF2-3A7E-4D4F-B57C-BE5FEF567277}.Debug|Any CPU.ActiveCfg = Debug|Any CPU
		{9FDD3FF2-3A7E-4D4F-B57C-BE5FEF567277}.Debug|Any CPU.Build.0 = Debug|Any CPU
		{9FDD3FF2-3A7E-4D4F-B57C-BE5FEF567277}.Debug|x64.ActiveCfg = Debug|Any CPU
		{9FDD3FF2-3A7E-4D4F-B57C-BE5FEF567277}.Debug|x64.Build.0 = Debug|Any CPU
		{9FDD3FF2-3A7E-4D4F-B57C-BE5FEF567277}.Debug|x86.ActiveCfg = Debug|Any CPU
		{9FDD3FF2-3A7E-4D4F-B57C-BE5FEF567277}.Debug|x86.Build.0 = Debug|Any CPU
		{9FDD3FF2-3A7E-4D4F-B57C-BE5FEF567277}.Release|Any CPU.ActiveCfg = Release|Any CPU
		{9FDD3FF2-3A7E-4D4F-B57C-BE5FEF567277}.Release|Any CPU.Build.0 = Release|Any CPU
		{9FDD3FF2-3A7E-4D4F-B57C-BE5FEF567277}.Release|x64.ActiveCfg = Release|Any CPU
		{9FDD3FF2-3A7E-4D4F-B57C-BE5FEF567277}.Release|x64.Build.0 = Release|Any CPU
		{9FDD3FF2-3A7E-4D4F-B57C-BE5FEF567277}.Release|x86.ActiveCfg = Release|Any CPU
		{9FDD3FF2-3A7E-4D4F-B57C-BE5FEF567277}.Release|x86.Build.0 = Release|Any CPU
		{A59E8710-A0F5-4154-80FF-1AE3CCE1ACC9}.Debug|Any CPU.ActiveCfg = Debug|Any CPU
		{A59E8710-A0F5-4154-80FF-1AE3CCE1ACC9}.Debug|Any CPU.Build.0 = Debug|Any CPU
		{A59E8710-A0F5-4154-80FF-1AE3CCE1ACC9}.Debug|x64.ActiveCfg = Debug|Any CPU
		{A59E8710-A0F5-4154-80FF-1AE3CCE1ACC9}.Debug|x64.Build.0 = Debug|Any CPU
		{A59E8710-A0F5-4154-80FF-1AE3CCE1ACC9}.Debug|x86.ActiveCfg = Debug|Any CPU
		{A59E8710-A0F5-4154-80FF-1AE3CCE1ACC9}.Debug|x86.Build.0 = Debug|Any CPU
		{A59E8710-A0F5-4154-80FF-1AE3CCE1ACC9}.Release|Any CPU.ActiveCfg = Release|Any CPU
		{A59E8710-A0F5-4154-80FF-1AE3CCE1ACC9}.Release|Any CPU.Build.0 = Release|Any CPU
		{A59E8710-A0F5-4154-80FF-1AE3CCE1ACC9}.Release|x64.ActiveCfg = Release|Any CPU
		{A59E8710-A0F5-4154-80FF-1AE3CCE1ACC9}.Release|x64.Build.0 = Release|Any CPU
		{A59E8710-A0F5-4154-80FF-1AE3CCE1ACC9}.Release|x86.ActiveCfg = Release|Any CPU
		{A59E8710-A0F5-4154-80FF-1AE3CCE1ACC9}.Release|x86.Build.0 = Release|Any CPU
		{762FDCB1-AA1D-4419-929F-6AAAC13C8F14}.Debug|Any CPU.ActiveCfg = Debug|Any CPU
		{762FDCB1-AA1D-4419-929F-6AAAC13C8F14}.Debug|Any CPU.Build.0 = Debug|Any CPU
		{762FDCB1-AA1D-4419-929F-6AAAC13C8F14}.Debug|x64.ActiveCfg = Debug|Any CPU
		{762FDCB1-AA1D-4419-929F-6AAAC13C8F14}.Debug|x64.Build.0 = Debug|Any CPU
		{762FDCB1-AA1D-4419-929F-6AAAC13C8F14}.Debug|x86.ActiveCfg = Debug|Any CPU
		{762FDCB1-AA1D-4419-929F-6AAAC13C8F14}.Debug|x86.Build.0 = Debug|Any CPU
		{762FDCB1-AA1D-4419-929F-6AAAC13C8F14}.Release|Any CPU.ActiveCfg = Release|Any CPU
		{762FDCB1-AA1D-4419-929F-6AAAC13C8F14}.Release|Any CPU.Build.0 = Release|Any CPU
		{762FDCB1-AA1D-4419-929F-6AAAC13C8F14}.Release|x64.ActiveCfg = Release|Any CPU
		{762FDCB1-AA1D-4419-929F-6AAAC13C8F14}.Release|x64.Build.0 = Release|Any CPU
		{762FDCB1-AA1D-4419-929F-6AAAC13C8F14}.Release|x86.ActiveCfg = Release|Any CPU
		{762FDCB1-AA1D-4419-929F-6AAAC13C8F14}.Release|x86.Build.0 = Release|Any CPU
		{F3F6F3CA-A5F5-4994-9666-3FED63614B8F}.Debug|Any CPU.ActiveCfg = Debug|Any CPU
		{F3F6F3CA-A5F5-4994-9666-3FED63614B8F}.Debug|Any CPU.Build.0 = Debug|Any CPU
		{F3F6F3CA-A5F5-4994-9666-3FED63614B8F}.Debug|x64.ActiveCfg = Debug|Any CPU
		{F3F6F3CA-A5F5-4994-9666-3FED63614B8F}.Debug|x64.Build.0 = Debug|Any CPU
		{F3F6F3CA-A5F5-4994-9666-3FED63614B8F}.Debug|x86.ActiveCfg = Debug|Any CPU
		{F3F6F3CA-A5F5-4994-9666-3FED63614B8F}.Debug|x86.Build.0 = Debug|Any CPU
		{F3F6F3CA-A5F5-4994-9666-3FED63614B8F}.Release|Any CPU.ActiveCfg = Release|Any CPU
		{F3F6F3CA-A5F5-4994-9666-3FED63614B8F}.Release|Any CPU.Build.0 = Release|Any CPU
		{F3F6F3CA-A5F5-4994-9666-3FED63614B8F}.Release|x64.ActiveCfg = Release|Any CPU
		{F3F6F3CA-A5F5-4994-9666-3FED63614B8F}.Release|x64.Build.0 = Release|Any CPU
		{F3F6F3CA-A5F5-4994-9666-3FED63614B8F}.Release|x86.ActiveCfg = Release|Any CPU
		{F3F6F3CA-A5F5-4994-9666-3FED63614B8F}.Release|x86.Build.0 = Release|Any CPU
		{7E9B6C9B-985C-4F0C-B814-BCFD34136D3F}.Debug|Any CPU.ActiveCfg = Debug|Any CPU
		{7E9B6C9B-985C-4F0C-B814-BCFD34136D3F}.Debug|Any CPU.Build.0 = Debug|Any CPU
		{7E9B6C9B-985C-4F0C-B814-BCFD34136D3F}.Debug|x64.ActiveCfg = Debug|Any CPU
		{7E9B6C9B-985C-4F0C-B814-BCFD34136D3F}.Debug|x64.Build.0 = Debug|Any CPU
		{7E9B6C9B-985C-4F0C-B814-BCFD34136D3F}.Debug|x86.ActiveCfg = Debug|Any CPU
		{7E9B6C9B-985C-4F0C-B814-BCFD34136D3F}.Debug|x86.Build.0 = Debug|Any CPU
		{7E9B6C9B-985C-4F0C-B814-BCFD34136D3F}.Release|Any CPU.ActiveCfg = Release|Any CPU
		{7E9B6C9B-985C-4F0C-B814-BCFD34136D3F}.Release|Any CPU.Build.0 = Release|Any CPU
		{7E9B6C9B-985C-4F0C-B814-BCFD34136D3F}.Release|x64.ActiveCfg = Release|Any CPU
		{7E9B6C9B-985C-4F0C-B814-BCFD34136D3F}.Release|x64.Build.0 = Release|Any CPU
		{7E9B6C9B-985C-4F0C-B814-BCFD34136D3F}.Release|x86.ActiveCfg = Release|Any CPU
		{7E9B6C9B-985C-4F0C-B814-BCFD34136D3F}.Release|x86.Build.0 = Release|Any CPU
		{5D6355FC-A69B-40B3-865D-961441B2CC62}.Debug|Any CPU.ActiveCfg = Debug|Any CPU
		{5D6355FC-A69B-40B3-865D-961441B2CC62}.Debug|Any CPU.Build.0 = Debug|Any CPU
		{5D6355FC-A69B-40B3-865D-961441B2CC62}.Debug|x64.ActiveCfg = Debug|Any CPU
		{5D6355FC-A69B-40B3-865D-961441B2CC62}.Debug|x64.Build.0 = Debug|Any CPU
		{5D6355FC-A69B-40B3-865D-961441B2CC62}.Debug|x86.ActiveCfg = Debug|Any CPU
		{5D6355FC-A69B-40B3-865D-961441B2CC62}.Debug|x86.Build.0 = Debug|Any CPU
		{5D6355FC-A69B-40B3-865D-961441B2CC62}.Release|Any CPU.ActiveCfg = Release|Any CPU
		{5D6355FC-A69B-40B3-865D-961441B2CC62}.Release|Any CPU.Build.0 = Release|Any CPU
		{5D6355FC-A69B-40B3-865D-961441B2CC62}.Release|x64.ActiveCfg = Release|Any CPU
		{5D6355FC-A69B-40B3-865D-961441B2CC62}.Release|x64.Build.0 = Release|Any CPU
		{5D6355FC-A69B-40B3-865D-961441B2CC62}.Release|x86.ActiveCfg = Release|Any CPU
		{5D6355FC-A69B-40B3-865D-961441B2CC62}.Release|x86.Build.0 = Release|Any CPU
		{3BFCB9A1-9429-4D5A-A81F-C6D64696564E}.Debug|Any CPU.ActiveCfg = Debug|Any CPU
		{3BFCB9A1-9429-4D5A-A81F-C6D64696564E}.Debug|Any CPU.Build.0 = Debug|Any CPU
		{3BFCB9A1-9429-4D5A-A81F-C6D64696564E}.Debug|x64.ActiveCfg = Debug|Any CPU
		{3BFCB9A1-9429-4D5A-A81F-C6D64696564E}.Debug|x64.Build.0 = Debug|Any CPU
		{3BFCB9A1-9429-4D5A-A81F-C6D64696564E}.Debug|x86.ActiveCfg = Debug|Any CPU
		{3BFCB9A1-9429-4D5A-A81F-C6D64696564E}.Debug|x86.Build.0 = Debug|Any CPU
		{3BFCB9A1-9429-4D5A-A81F-C6D64696564E}.Release|Any CPU.ActiveCfg = Release|Any CPU
		{3BFCB9A1-9429-4D5A-A81F-C6D64696564E}.Release|Any CPU.Build.0 = Release|Any CPU
		{3BFCB9A1-9429-4D5A-A81F-C6D64696564E}.Release|x64.ActiveCfg = Release|Any CPU
		{3BFCB9A1-9429-4D5A-A81F-C6D64696564E}.Release|x64.Build.0 = Release|Any CPU
		{3BFCB9A1-9429-4D5A-A81F-C6D64696564E}.Release|x86.ActiveCfg = Release|Any CPU
		{3BFCB9A1-9429-4D5A-A81F-C6D64696564E}.Release|x86.Build.0 = Release|Any CPU
		{D560F9D5-3E38-491C-8AAC-6C168B84C913}.Debug|Any CPU.ActiveCfg = Debug|Any CPU
		{D560F9D5-3E38-491C-8AAC-6C168B84C913}.Debug|Any CPU.Build.0 = Debug|Any CPU
		{D560F9D5-3E38-491C-8AAC-6C168B84C913}.Debug|x64.ActiveCfg = Debug|Any CPU
		{D560F9D5-3E38-491C-8AAC-6C168B84C913}.Debug|x64.Build.0 = Debug|Any CPU
		{D560F9D5-3E38-491C-8AAC-6C168B84C913}.Debug|x86.ActiveCfg = Debug|Any CPU
		{D560F9D5-3E38-491C-8AAC-6C168B84C913}.Debug|x86.Build.0 = Debug|Any CPU
		{D560F9D5-3E38-491C-8AAC-6C168B84C913}.Release|Any CPU.ActiveCfg = Release|Any CPU
		{D560F9D5-3E38-491C-8AAC-6C168B84C913}.Release|Any CPU.Build.0 = Release|Any CPU
		{D560F9D5-3E38-491C-8AAC-6C168B84C913}.Release|x64.ActiveCfg = Release|Any CPU
		{D560F9D5-3E38-491C-8AAC-6C168B84C913}.Release|x64.Build.0 = Release|Any CPU
		{D560F9D5-3E38-491C-8AAC-6C168B84C913}.Release|x86.ActiveCfg = Release|Any CPU
		{D560F9D5-3E38-491C-8AAC-6C168B84C913}.Release|x86.Build.0 = Release|Any CPU
		{CE2A6844-2761-4F8D-AD73-B676B417CC0C}.Debug|Any CPU.ActiveCfg = Debug|Any CPU
		{CE2A6844-2761-4F8D-AD73-B676B417CC0C}.Debug|Any CPU.Build.0 = Debug|Any CPU
		{CE2A6844-2761-4F8D-AD73-B676B417CC0C}.Debug|x64.ActiveCfg = Debug|Any CPU
		{CE2A6844-2761-4F8D-AD73-B676B417CC0C}.Debug|x64.Build.0 = Debug|Any CPU
		{CE2A6844-2761-4F8D-AD73-B676B417CC0C}.Debug|x86.ActiveCfg = Debug|Any CPU
		{CE2A6844-2761-4F8D-AD73-B676B417CC0C}.Debug|x86.Build.0 = Debug|Any CPU
		{CE2A6844-2761-4F8D-AD73-B676B417CC0C}.Release|Any CPU.ActiveCfg = Release|Any CPU
		{CE2A6844-2761-4F8D-AD73-B676B417CC0C}.Release|Any CPU.Build.0 = Release|Any CPU
		{CE2A6844-2761-4F8D-AD73-B676B417CC0C}.Release|x64.ActiveCfg = Release|Any CPU
		{CE2A6844-2761-4F8D-AD73-B676B417CC0C}.Release|x64.Build.0 = Release|Any CPU
		{CE2A6844-2761-4F8D-AD73-B676B417CC0C}.Release|x86.ActiveCfg = Release|Any CPU
		{CE2A6844-2761-4F8D-AD73-B676B417CC0C}.Release|x86.Build.0 = Release|Any CPU
		{38C12323-A6FF-444F-9922-B72F7B9649A6}.Debug|Any CPU.ActiveCfg = Debug|Any CPU
		{38C12323-A6FF-444F-9922-B72F7B9649A6}.Debug|Any CPU.Build.0 = Debug|Any CPU
		{38C12323-A6FF-444F-9922-B72F7B9649A6}.Debug|x64.ActiveCfg = Debug|Any CPU
		{38C12323-A6FF-444F-9922-B72F7B9649A6}.Debug|x64.Build.0 = Debug|Any CPU
		{38C12323-A6FF-444F-9922-B72F7B9649A6}.Debug|x86.ActiveCfg = Debug|Any CPU
		{38C12323-A6FF-444F-9922-B72F7B9649A6}.Debug|x86.Build.0 = Debug|Any CPU
		{38C12323-A6FF-444F-9922-B72F7B9649A6}.Release|Any CPU.ActiveCfg = Release|Any CPU
		{38C12323-A6FF-444F-9922-B72F7B9649A6}.Release|Any CPU.Build.0 = Release|Any CPU
		{38C12323-A6FF-444F-9922-B72F7B9649A6}.Release|x64.ActiveCfg = Release|Any CPU
		{38C12323-A6FF-444F-9922-B72F7B9649A6}.Release|x64.Build.0 = Release|Any CPU
		{38C12323-A6FF-444F-9922-B72F7B9649A6}.Release|x86.ActiveCfg = Release|Any CPU
		{38C12323-A6FF-444F-9922-B72F7B9649A6}.Release|x86.Build.0 = Release|Any CPU
		{2F54B127-C144-4C12-8174-CEBD3299B558}.Debug|Any CPU.ActiveCfg = Debug|Any CPU
		{2F54B127-C144-4C12-8174-CEBD3299B558}.Debug|Any CPU.Build.0 = Debug|Any CPU
		{2F54B127-C144-4C12-8174-CEBD3299B558}.Debug|x64.ActiveCfg = Debug|Any CPU
		{2F54B127-C144-4C12-8174-CEBD3299B558}.Debug|x64.Build.0 = Debug|Any CPU
		{2F54B127-C144-4C12-8174-CEBD3299B558}.Debug|x86.ActiveCfg = Debug|Any CPU
		{2F54B127-C144-4C12-8174-CEBD3299B558}.Debug|x86.Build.0 = Debug|Any CPU
		{2F54B127-C144-4C12-8174-CEBD3299B558}.Release|Any CPU.ActiveCfg = Release|Any CPU
		{2F54B127-C144-4C12-8174-CEBD3299B558}.Release|Any CPU.Build.0 = Release|Any CPU
		{2F54B127-C144-4C12-8174-CEBD3299B558}.Release|x64.ActiveCfg = Release|Any CPU
		{2F54B127-C144-4C12-8174-CEBD3299B558}.Release|x64.Build.0 = Release|Any CPU
		{2F54B127-C144-4C12-8174-CEBD3299B558}.Release|x86.ActiveCfg = Release|Any CPU
		{2F54B127-C144-4C12-8174-CEBD3299B558}.Release|x86.Build.0 = Release|Any CPU
		{DB110883-0FA4-4ED4-AC2E-CD2106C755FF}.Debug|Any CPU.ActiveCfg = Debug|Any CPU
		{DB110883-0FA4-4ED4-AC2E-CD2106C755FF}.Debug|Any CPU.Build.0 = Debug|Any CPU
		{DB110883-0FA4-4ED4-AC2E-CD2106C755FF}.Debug|x64.ActiveCfg = Debug|Any CPU
		{DB110883-0FA4-4ED4-AC2E-CD2106C755FF}.Debug|x64.Build.0 = Debug|Any CPU
		{DB110883-0FA4-4ED4-AC2E-CD2106C755FF}.Debug|x86.ActiveCfg = Debug|Any CPU
		{DB110883-0FA4-4ED4-AC2E-CD2106C755FF}.Debug|x86.Build.0 = Debug|Any CPU
		{DB110883-0FA4-4ED4-AC2E-CD2106C755FF}.Release|Any CPU.ActiveCfg = Release|Any CPU
		{DB110883-0FA4-4ED4-AC2E-CD2106C755FF}.Release|Any CPU.Build.0 = Release|Any CPU
		{DB110883-0FA4-4ED4-AC2E-CD2106C755FF}.Release|x64.ActiveCfg = Release|Any CPU
		{DB110883-0FA4-4ED4-AC2E-CD2106C755FF}.Release|x64.Build.0 = Release|Any CPU
		{DB110883-0FA4-4ED4-AC2E-CD2106C755FF}.Release|x86.ActiveCfg = Release|Any CPU
		{DB110883-0FA4-4ED4-AC2E-CD2106C755FF}.Release|x86.Build.0 = Release|Any CPU
		{BA541DF7-BE88-43E2-9EE4-08AAC92DA941}.Debug|Any CPU.ActiveCfg = Debug|Any CPU
		{BA541DF7-BE88-43E2-9EE4-08AAC92DA941}.Debug|Any CPU.Build.0 = Debug|Any CPU
		{BA541DF7-BE88-43E2-9EE4-08AAC92DA941}.Debug|x64.ActiveCfg = Debug|Any CPU
		{BA541DF7-BE88-43E2-9EE4-08AAC92DA941}.Debug|x64.Build.0 = Debug|Any CPU
		{BA541DF7-BE88-43E2-9EE4-08AAC92DA941}.Debug|x86.ActiveCfg = Debug|x86
		{BA541DF7-BE88-43E2-9EE4-08AAC92DA941}.Debug|x86.Build.0 = Debug|x86
		{BA541DF7-BE88-43E2-9EE4-08AAC92DA941}.Release|Any CPU.ActiveCfg = Release|Any CPU
		{BA541DF7-BE88-43E2-9EE4-08AAC92DA941}.Release|Any CPU.Build.0 = Release|Any CPU
		{BA541DF7-BE88-43E2-9EE4-08AAC92DA941}.Release|x64.ActiveCfg = Release|Any CPU
		{BA541DF7-BE88-43E2-9EE4-08AAC92DA941}.Release|x64.Build.0 = Release|Any CPU
		{BA541DF7-BE88-43E2-9EE4-08AAC92DA941}.Release|x86.ActiveCfg = Release|x86
		{BA541DF7-BE88-43E2-9EE4-08AAC92DA941}.Release|x86.Build.0 = Release|x86
		{A87C1917-A3D6-49A9-B4DE-C142BB07B0AB}.Debug|Any CPU.ActiveCfg = Debug|Any CPU
		{A87C1917-A3D6-49A9-B4DE-C142BB07B0AB}.Debug|Any CPU.Build.0 = Debug|Any CPU
		{A87C1917-A3D6-49A9-B4DE-C142BB07B0AB}.Debug|x64.ActiveCfg = Debug|Any CPU
		{A87C1917-A3D6-49A9-B4DE-C142BB07B0AB}.Debug|x64.Build.0 = Debug|Any CPU
		{A87C1917-A3D6-49A9-B4DE-C142BB07B0AB}.Debug|x86.ActiveCfg = Debug|Any CPU
		{A87C1917-A3D6-49A9-B4DE-C142BB07B0AB}.Debug|x86.Build.0 = Debug|Any CPU
		{A87C1917-A3D6-49A9-B4DE-C142BB07B0AB}.Release|Any CPU.ActiveCfg = Release|Any CPU
		{A87C1917-A3D6-49A9-B4DE-C142BB07B0AB}.Release|Any CPU.Build.0 = Release|Any CPU
		{A87C1917-A3D6-49A9-B4DE-C142BB07B0AB}.Release|x64.ActiveCfg = Release|Any CPU
		{A87C1917-A3D6-49A9-B4DE-C142BB07B0AB}.Release|x64.Build.0 = Release|Any CPU
		{A87C1917-A3D6-49A9-B4DE-C142BB07B0AB}.Release|x86.ActiveCfg = Release|Any CPU
		{A87C1917-A3D6-49A9-B4DE-C142BB07B0AB}.Release|x86.Build.0 = Release|Any CPU
		{27F66E75-CA28-4012-B912-2BDB2DFC4F42}.Debug|Any CPU.ActiveCfg = Debug|Any CPU
		{27F66E75-CA28-4012-B912-2BDB2DFC4F42}.Debug|Any CPU.Build.0 = Debug|Any CPU
		{27F66E75-CA28-4012-B912-2BDB2DFC4F42}.Debug|x64.ActiveCfg = Debug|Any CPU
		{27F66E75-CA28-4012-B912-2BDB2DFC4F42}.Debug|x64.Build.0 = Debug|Any CPU
		{27F66E75-CA28-4012-B912-2BDB2DFC4F42}.Debug|x86.ActiveCfg = Debug|Any CPU
		{27F66E75-CA28-4012-B912-2BDB2DFC4F42}.Debug|x86.Build.0 = Debug|Any CPU
		{27F66E75-CA28-4012-B912-2BDB2DFC4F42}.Release|Any CPU.ActiveCfg = Release|Any CPU
		{27F66E75-CA28-4012-B912-2BDB2DFC4F42}.Release|Any CPU.Build.0 = Release|Any CPU
		{27F66E75-CA28-4012-B912-2BDB2DFC4F42}.Release|x64.ActiveCfg = Release|Any CPU
		{27F66E75-CA28-4012-B912-2BDB2DFC4F42}.Release|x64.Build.0 = Release|Any CPU
		{27F66E75-CA28-4012-B912-2BDB2DFC4F42}.Release|x86.ActiveCfg = Release|Any CPU
		{27F66E75-CA28-4012-B912-2BDB2DFC4F42}.Release|x86.Build.0 = Release|Any CPU
	EndGlobalSection
	GlobalSection(SolutionProperties) = preSolution
		HideSolutionNode = FALSE
	EndGlobalSection
	GlobalSection(ExtensibilityGlobals) = postSolution
		SolutionGuid = {84F3C097-FB6D-4264-9CE1-F1CF9693776E}
	EndGlobalSection
EndGlobal
